// !$*UTF8*$!
{
	archiveVersion = 1;
	classes = {
	};
	objectVersion = 56;
	objects = {

/* Begin PBXBuildFile section */
		6F155CAA2B08E32A005FE042 /* Extensions.swift in Sources */ = {isa = PBXBuildFile; fileRef = 6F155CA92B08E32A005FE042 /* Extensions.swift */; };
		6F3D51C02B556D930077BAD9 /* AppEnvironment.swift in Sources */ = {isa = PBXBuildFile; fileRef = 6F3D51BF2B556D930077BAD9 /* AppEnvironment.swift */; };
		6F3D51C22B556DB80077BAD9 /* BuildConfiguration.swift in Sources */ = {isa = PBXBuildFile; fileRef = 6F3D51C12B556DB80077BAD9 /* BuildConfiguration.swift */; };
		6F842DCB29C64E3E00DBBC7B /* ListenbrainzApp.swift in Sources */ = {isa = PBXBuildFile; fileRef = 6F842DCA29C64E3E00DBBC7B /* ListenbrainzApp.swift */; };
		6F842DCD29C64E3E00DBBC7B /* ListensView.swift in Sources */ = {isa = PBXBuildFile; fileRef = 6F842DCC29C64E3E00DBBC7B /* ListensView.swift */; };
		6F842DCF29C64E3F00DBBC7B /* Assets.xcassets in Resources */ = {isa = PBXBuildFile; fileRef = 6F842DCE29C64E3F00DBBC7B /* Assets.xcassets */; };
		6F842DDC29C64E3F00DBBC7B /* ListenbrainzTests.swift in Sources */ = {isa = PBXBuildFile; fileRef = 6F842DDB29C64E3F00DBBC7B /* ListenbrainzTests.swift */; };
		6F842DE629C64E3F00DBBC7B /* ListenbrainzUITests.swift in Sources */ = {isa = PBXBuildFile; fileRef = 6F842DE529C64E3F00DBBC7B /* ListenbrainzUITests.swift */; };
		6F842DE829C64E3F00DBBC7B /* ListenbrainzUITestsLaunchTests.swift in Sources */ = {isa = PBXBuildFile; fileRef = 6F842DE729C64E3F00DBBC7B /* ListenbrainzUITestsLaunchTests.swift */; };
		6F842DF629C64EF200DBBC7B /* SpotifyiOS in Frameworks */ = {isa = PBXBuildFile; productRef = 6F842DF529C64EF200DBBC7B /* SpotifyiOS */; };
		6F842DF929C6509300DBBC7B /* SpotifyManager.swift in Sources */ = {isa = PBXBuildFile; fileRef = 6F842DF829C6509300DBBC7B /* SpotifyManager.swift */; };
		6F842DFB29C650A600DBBC7B /* Constants.swift in Sources */ = {isa = PBXBuildFile; fileRef = 6F842DFA29C650A600DBBC7B /* Constants.swift */; };
		6F85B9632B56B23500DBD65F /* AdaptiveImage.swift in Sources */ = {isa = PBXBuildFile; fileRef = 6F85B9622B56B23500DBD65F /* AdaptiveImage.swift */; };
		BB05864E2A25034200744FF0 /* SongDetailView.swift in Sources */ = {isa = PBXBuildFile; fileRef = BB05864D2A25034200744FF0 /* SongDetailView.swift */; };
		BB0586512A2503E600744FF0 /* Alamofire in Frameworks */ = {isa = PBXBuildFile; productRef = BB0586502A2503E600744FF0 /* Alamofire */; };
		BB0586532A25042C00744FF0 /* HomeViewModel.swift in Sources */ = {isa = PBXBuildFile; fileRef = BB0586522A25042C00744FF0 /* HomeViewModel.swift */; };
		BB0586572A2504AD00744FF0 /* Listens.swift in Sources */ = {isa = PBXBuildFile; fileRef = BB0586562A2504AD00744FF0 /* Listens.swift */; };
		BB05865A2A25052600744FF0 /* HomeRepository.swift in Sources */ = {isa = PBXBuildFile; fileRef = BB0586592A25052600744FF0 /* HomeRepository.swift */; };
		BB05865C2A25053600744FF0 /* HomeRepositoryImpl.swift in Sources */ = {isa = PBXBuildFile; fileRef = BB05865B2A25053600744FF0 /* HomeRepositoryImpl.swift */; };
		BB086C6D2AA6FDD3000A8720 /* EventImageView.swift in Sources */ = {isa = PBXBuildFile; fileRef = BB086C6C2AA6FDD3000A8720 /* EventImageView.swift */; };
		BB086C6F2AA6FDE0000A8720 /* EventDescriptionView.swift in Sources */ = {isa = PBXBuildFile; fileRef = BB086C6E2AA6FDDF000A8720 /* EventDescriptionView.swift */; };
		BB086C712AA6FDE9000A8720 /* TrackInfoView.swift in Sources */ = {isa = PBXBuildFile; fileRef = BB086C702AA6FDE9000A8720 /* TrackInfoView.swift */; };
		BB09C7C12B0BEB5C00BCF5A9 /* TopBar.swift in Sources */ = {isa = PBXBuildFile; fileRef = BB09C7C02B0BEB5C00BCF5A9 /* TopBar.swift */; };
		BB13BD9E2C6A361800807896 /* ListeningActivity.swift in Sources */ = {isa = PBXBuildFile; fileRef = BB13BD9D2C6A361800807896 /* ListeningActivity.swift */; };
		BB13BDA32C6A44B000807896 /* TopArtists.swift in Sources */ = {isa = PBXBuildFile; fileRef = BB13BDA22C6A44B000807896 /* TopArtists.swift */; };
		BB13BDA52C6A44BE00807896 /* TopAlbums.swift in Sources */ = {isa = PBXBuildFile; fileRef = BB13BDA42C6A44BE00807896 /* TopAlbums.swift */; };
		BB13BDA72C6A44CB00807896 /* TopTracks.swift in Sources */ = {isa = PBXBuildFile; fileRef = BB13BDA62C6A44CB00807896 /* TopTracks.swift */; };
		BB13BDA92C6A5A1D00807896 /* DailyActivity.swift in Sources */ = {isa = PBXBuildFile; fileRef = BB13BDA82C6A5A1D00807896 /* DailyActivity.swift */; };
		BB2A4F5329EB48BE006933BC /* ContentView.swift in Sources */ = {isa = PBXBuildFile; fileRef = BB2A4F5229EB48BE006933BC /* ContentView.swift */; };
		BB2A4F5529EB48CC006933BC /* HomeView.swift in Sources */ = {isa = PBXBuildFile; fileRef = BB2A4F5429EB48CC006933BC /* HomeView.swift */; };
		BB2A4F5729EB48DF006933BC /* ProfileView.swift in Sources */ = {isa = PBXBuildFile; fileRef = BB2A4F5629EB48DF006933BC /* ProfileView.swift */; };
		BB2A4F5929EB48ED006933BC /* PlayerView.swift in Sources */ = {isa = PBXBuildFile; fileRef = BB2A4F5829EB48ED006933BC /* PlayerView.swift */; };
		BB31ADBF2C6A05E100D25CCA /* ListensStatsView.swift in Sources */ = {isa = PBXBuildFile; fileRef = BB31ADBE2C6A05E100D25CCA /* ListensStatsView.swift */; };
		BB46AC762C6A2E24003BE1FC /* StatisticsView.swift in Sources */ = {isa = PBXBuildFile; fileRef = BB46AC752C6A2E24003BE1FC /* StatisticsView.swift */; };
		BB46AC782C6A2E2B003BE1FC /* TasteView.swift in Sources */ = {isa = PBXBuildFile; fileRef = BB46AC772C6A2E2B003BE1FC /* TasteView.swift */; };
		BB4DF0B82C0E03D100E7B55A /* SearchViewModel.swift in Sources */ = {isa = PBXBuildFile; fileRef = BB4DF0B72C0E03D100E7B55A /* SearchViewModel.swift */; };
		BB4DF0BA2C0E03E300E7B55A /* SearchUser.swift in Sources */ = {isa = PBXBuildFile; fileRef = BB4DF0B92C0E03E300E7B55A /* SearchUser.swift */; };
		BB4DF0BC2C0E040000E7B55A /* SearchUsersView.swift in Sources */ = {isa = PBXBuildFile; fileRef = BB4DF0BB2C0E040000E7B55A /* SearchUsersView.swift */; };
		BB519BAB2B15E72F00766F01 /* OnBoardingView.swift in Sources */ = {isa = PBXBuildFile; fileRef = BB519BAA2B15E72F00766F01 /* OnBoardingView.swift */; };
		BB519BAD2B1DE78200766F01 /* WelcomeView.swift in Sources */ = {isa = PBXBuildFile; fileRef = BB519BAC2B1DE78200766F01 /* WelcomeView.swift */; };
		BB519BAF2B1DE95E00766F01 /* UserDetailsView.swift in Sources */ = {isa = PBXBuildFile; fileRef = BB519BAE2B1DE95E00766F01 /* UserDetailsView.swift */; };
		BB5282142C32D86E00743A60 /* PinTrackView.swift in Sources */ = {isa = PBXBuildFile; fileRef = BB5282132C32D86E00743A60 /* PinTrackView.swift */; };
		BB5282162C32F9CC00743A60 /* PersonallyRecommendView.swift in Sources */ = {isa = PBXBuildFile; fileRef = BB5282152C32F9CC00743A60 /* PersonallyRecommendView.swift */; };
		BB5282182C33125B00743A60 /* CentralModalView.swift in Sources */ = {isa = PBXBuildFile; fileRef = BB5282172C33125B00743A60 /* CentralModalView.swift */; };
		BB59E7ED2C208A8000C8540F /* CustomSearchBar.swift in Sources */ = {isa = PBXBuildFile; fileRef = BB59E7EC2C208A8000C8540F /* CustomSearchBar.swift */; };
		BB66C1FB2A9F3EE700BB4CBA /* FeedViewModel.swift in Sources */ = {isa = PBXBuildFile; fileRef = BB66C1FA2A9F3EE700BB4CBA /* FeedViewModel.swift */; };
		BB66C1FD2A9F3EEF00BB4CBA /* FeedView.swift in Sources */ = {isa = PBXBuildFile; fileRef = BB66C1FC2A9F3EEF00BB4CBA /* FeedView.swift */; };
		BB66C1FF2A9F3EFD00BB4CBA /* FeedRepository.swift in Sources */ = {isa = PBXBuildFile; fileRef = BB66C1FE2A9F3EFD00BB4CBA /* FeedRepository.swift */; };
		BB66C2012A9F3F0900BB4CBA /* FeedRepositoryImpl.swift in Sources */ = {isa = PBXBuildFile; fileRef = BB66C2002A9F3F0900BB4CBA /* FeedRepositoryImpl.swift */; };
		BB66C2032A9F3F8700BB4CBA /* Event.swift in Sources */ = {isa = PBXBuildFile; fileRef = BB66C2022A9F3F8700BB4CBA /* Event.swift */; };
		BB66C2052A9F3FD500BB4CBA /* Metadata.swift in Sources */ = {isa = PBXBuildFile; fileRef = BB66C2042A9F3FD500BB4CBA /* Metadata.swift */; };
		BB66C2092AA0F56600BB4CBA /* FeedPayload.swift in Sources */ = {isa = PBXBuildFile; fileRef = BB66C2082AA0F56600BB4CBA /* FeedPayload.swift */; };
		BB66C20B2AA0F5AD00BB4CBA /* FeedTrackMetadata.swift in Sources */ = {isa = PBXBuildFile; fileRef = BB66C20A2AA0F5AD00BB4CBA /* FeedTrackMetadata.swift */; };
		BB66C20D2AA0F5DE00BB4CBA /* FeedAdditionalInfo.swift in Sources */ = {isa = PBXBuildFile; fileRef = BB66C20C2AA0F5DE00BB4CBA /* FeedAdditionalInfo.swift */; };
		BB66C20F2AA0F63800BB4CBA /* FeedMbidMapping.swift in Sources */ = {isa = PBXBuildFile; fileRef = BB66C20E2AA0F63800BB4CBA /* FeedMbidMapping.swift */; };
		BB66C2112AA0F6C500BB4CBA /* ListensArtist.swift in Sources */ = {isa = PBXBuildFile; fileRef = BB66C2102AA0F6C500BB4CBA /* ListensArtist.swift */; };
		BB6FF5812B52D3B40057F8C1 /* ExploreView.swift in Sources */ = {isa = PBXBuildFile; fileRef = BB6FF5802B52D3B40057F8C1 /* ExploreView.swift */; };
		BB7833642B3F2DB3005D7266 /* ImageLoader.swift in Sources */ = {isa = PBXBuildFile; fileRef = BB7833632B3F2DB3005D7266 /* ImageLoader.swift */; };
		BB8305BE2C79EC5F00A61411 /* CreatedForYouPlaylist.swift in Sources */ = {isa = PBXBuildFile; fileRef = BB8305BD2C79EC5F00A61411 /* CreatedForYouPlaylist.swift */; };
		BB88439C2C7245C100779ACC /* Taste.swift in Sources */ = {isa = PBXBuildFile; fileRef = BB88439B2C7245C100779ACC /* Taste.swift */; };
		BB88439E2C72656D00779ACC /* Pins.swift in Sources */ = {isa = PBXBuildFile; fileRef = BB88439D2C72656D00779ACC /* Pins.swift */; };
		BB8843A02C72815A00779ACC /* PlaylistsView.swift in Sources */ = {isa = PBXBuildFile; fileRef = BB88439F2C72815A00779ACC /* PlaylistsView.swift */; };
		BB8843A22C72821A00779ACC /* Playlist.swift in Sources */ = {isa = PBXBuildFile; fileRef = BB8843A12C72821A00779ACC /* Playlist.swift */; };
		BB8843A42C72843000779ACC /* CreatedForView.swift in Sources */ = {isa = PBXBuildFile; fileRef = BB8843A32C72843000779ACC /* CreatedForView.swift */; };
		BB8843A62C7284DF00779ACC /* CreatedForYou.swift in Sources */ = {isa = PBXBuildFile; fileRef = BB8843A52C7284DF00779ACC /* CreatedForYou.swift */; };
		BB8843A92C72BE7F00779ACC /* PinsView.swift in Sources */ = {isa = PBXBuildFile; fileRef = BB8843A82C72BE7F00779ACC /* PinsView.swift */; };
		BB8843AB2C72BE9E00779ACC /* CapsuleBarView.swift in Sources */ = {isa = PBXBuildFile; fileRef = BB8843AA2C72BE9E00779ACC /* CapsuleBarView.swift */; };
		BBB115792B57A879004E157E /* TopMissedRecordingsView.swift in Sources */ = {isa = PBXBuildFile; fileRef = BBB115782B57A879004E157E /* TopMissedRecordingsView.swift */; };
		BBC334512C46EF3300A72E07 /* DashboardRepository.swift in Sources */ = {isa = PBXBuildFile; fileRef = BBC334502C46EF3300A72E07 /* DashboardRepository.swift */; };
		BBC334532C46EF3F00A72E07 /* DashboardRepositoryImpl.swift in Sources */ = {isa = PBXBuildFile; fileRef = BBC334522C46EF3F00A72E07 /* DashboardRepositoryImpl.swift */; };
		BBC334562C46EF6200A72E07 /* DashboardViewModel.swift in Sources */ = {isa = PBXBuildFile; fileRef = BBC334552C46EF6200A72E07 /* DashboardViewModel.swift */; };
		BBC5C7AA2B4FE801000A5EB1 /* YimRepository.swift in Sources */ = {isa = PBXBuildFile; fileRef = BBC5C7A92B4FE801000A5EB1 /* YimRepository.swift */; };
		BBC5C7AC2B4FE80C000A5EB1 /* YimRepositoryImpl.swift in Sources */ = {isa = PBXBuildFile; fileRef = BBC5C7AB2B4FE80C000A5EB1 /* YimRepositoryImpl.swift */; };
		BBC5C7AE2B4FE817000A5EB1 /* YimViewModel.swift in Sources */ = {isa = PBXBuildFile; fileRef = BBC5C7AD2B4FE817000A5EB1 /* YimViewModel.swift */; };
		BBC5C7B12B4FE83D000A5EB1 /* YimData.swift in Sources */ = {isa = PBXBuildFile; fileRef = BBC5C7B02B4FE83D000A5EB1 /* YimData.swift */; };
		BBC5C7B32B4FE861000A5EB1 /* DataClass.swift in Sources */ = {isa = PBXBuildFile; fileRef = BBC5C7B22B4FE861000A5EB1 /* DataClass.swift */; };
		BBC5C7B52B4FE875000A5EB1 /* ListensPerDay.swift in Sources */ = {isa = PBXBuildFile; fileRef = BBC5C7B42B4FE875000A5EB1 /* ListensPerDay.swift */; };
		BBC5C7B72B4FE888000A5EB1 /* TopArtistElement.swift in Sources */ = {isa = PBXBuildFile; fileRef = BBC5C7B62B4FE887000A5EB1 /* TopArtistElement.swift */; };
		BBC5C7B92B4FE89E000A5EB1 /* NewRelasesOfTopArtist.swift in Sources */ = {isa = PBXBuildFile; fileRef = BBC5C7B82B4FE89E000A5EB1 /* NewRelasesOfTopArtist.swift */; };
		BBC5C7BB2B4FE8AE000A5EB1 /* TopGenre.swift in Sources */ = {isa = PBXBuildFile; fileRef = BBC5C7BA2B4FE8AE000A5EB1 /* TopGenre.swift */; };
		BBC5C7BD2B4FE8C0000A5EB1 /* TopRecording.swift in Sources */ = {isa = PBXBuildFile; fileRef = BBC5C7BC2B4FE8C0000A5EB1 /* TopRecording.swift */; };
		BBC5C7BF2B4FE8D3000A5EB1 /* TopReleaseGroup.swift in Sources */ = {isa = PBXBuildFile; fileRef = BBC5C7BE2B4FE8D3000A5EB1 /* TopReleaseGroup.swift */; };
		BBC5C7C12B4FE8F7000A5EB1 /* TopDiscoveries.swift in Sources */ = {isa = PBXBuildFile; fileRef = BBC5C7C02B4FE8F7000A5EB1 /* TopDiscoveries.swift */; };
		BBC5C7C42B4FEE53000A5EB1 /* YimLandingView.swift in Sources */ = {isa = PBXBuildFile; fileRef = BBC5C7C32B4FEE53000A5EB1 /* YimLandingView.swift */; };
		BBC5C7C72B4FEE86000A5EB1 /* ChartsTitleView.swift in Sources */ = {isa = PBXBuildFile; fileRef = BBC5C7C62B4FEE86000A5EB1 /* ChartsTitleView.swift */; };
		BBC5C7C92B4FEE95000A5EB1 /* TopYimView.swift in Sources */ = {isa = PBXBuildFile; fileRef = BBC5C7C82B4FEE95000A5EB1 /* TopYimView.swift */; };
		BBC5C7CB2B4FEE9D000A5EB1 /* BottomYimView.swift in Sources */ = {isa = PBXBuildFile; fileRef = BBC5C7CA2B4FEE9D000A5EB1 /* BottomYimView.swift */; };
		BBC5C7CD2B4FEEC7000A5EB1 /* TopAlbumsGridView.swift in Sources */ = {isa = PBXBuildFile; fileRef = BBC5C7CC2B4FEEC7000A5EB1 /* TopAlbumsGridView.swift */; };
		BBC5C7CF2B4FEEDD000A5EB1 /* TopAlbumsView.swift in Sources */ = {isa = PBXBuildFile; fileRef = BBC5C7CE2B4FEEDD000A5EB1 /* TopAlbumsView.swift */; };
		BBC5C7D12B4FEEFC000A5EB1 /* TopRecordingsView.swift in Sources */ = {isa = PBXBuildFile; fileRef = BBC5C7D02B4FEEFC000A5EB1 /* TopRecordingsView.swift */; };
		BBC5C7D32B4FEF1E000A5EB1 /* TopArtistsView.swift in Sources */ = {isa = PBXBuildFile; fileRef = BBC5C7D22B4FEF1E000A5EB1 /* TopArtistsView.swift */; };
		BBC5C7D62B4FF031000A5EB1 /* StatsTitleView.swift in Sources */ = {isa = PBXBuildFile; fileRef = BBC5C7D52B4FF031000A5EB1 /* StatsTitleView.swift */; };
		BBC5C7D82B4FF037000A5EB1 /* StatsView.swift in Sources */ = {isa = PBXBuildFile; fileRef = BBC5C7D72B4FF037000A5EB1 /* StatsView.swift */; };
		BBC5C7DA2B4FF03F000A5EB1 /* HeatMapScreenView.swift in Sources */ = {isa = PBXBuildFile; fileRef = BBC5C7D92B4FF03F000A5EB1 /* HeatMapScreenView.swift */; };
		BBC5C7DC2B4FF048000A5EB1 /* ListeningChartView.swift in Sources */ = {isa = PBXBuildFile; fileRef = BBC5C7DB2B4FF048000A5EB1 /* ListeningChartView.swift */; };
		BBC5C7DF2B4FF09E000A5EB1 /* TopDiscoveriesView.swift in Sources */ = {isa = PBXBuildFile; fileRef = BBC5C7DE2B4FF09E000A5EB1 /* TopDiscoveriesView.swift */; };
		BBC5C7E22B4FF0EE000A5EB1 /* MusicBuddiesView.swift in Sources */ = {isa = PBXBuildFile; fileRef = BBC5C7E12B4FF0EE000A5EB1 /* MusicBuddiesView.swift */; };
		BBC5C7E42B4FF11C000A5EB1 /* NewReleasesView.swift in Sources */ = {isa = PBXBuildFile; fileRef = BBC5C7E32B4FF11C000A5EB1 /* NewReleasesView.swift */; };
		BBC5C7E62B4FF1B8000A5EB1 /* MainView.swift in Sources */ = {isa = PBXBuildFile; fileRef = BBC5C7E52B4FF1B8000A5EB1 /* MainView.swift */; };
		BBC5C7E82B512ECD000A5EB1 /* DiscoverTitleView.swift in Sources */ = {isa = PBXBuildFile; fileRef = BBC5C7E72B512ECD000A5EB1 /* DiscoverTitleView.swift */; };
		BBC5C7EA2B512F85000A5EB1 /* PlaylistsTitleView.swift in Sources */ = {isa = PBXBuildFile; fileRef = BBC5C7E92B512F85000A5EB1 /* PlaylistsTitleView.swift */; };
		BBC5C7EC2B51311A000A5EB1 /* YimLastView.swift in Sources */ = {isa = PBXBuildFile; fileRef = BBC5C7EB2B513119000A5EB1 /* YimLastView.swift */; };
		BBC5E6142C3BC6E30046DDD9 /* WriteAReviewView.swift in Sources */ = {isa = PBXBuildFile; fileRef = BBC5E6132C3BC6E30046DDD9 /* WriteAReviewView.swift */; };
		BBC7CA642C60DC2F00470944 /* Count.swift in Sources */ = {isa = PBXBuildFile; fileRef = BBC7CA632C60DC2F00470944 /* Count.swift */; };
		BBC7CA662C60E29D00470944 /* Followers.swift in Sources */ = {isa = PBXBuildFile; fileRef = BBC7CA652C60E29D00470944 /* Followers.swift */; };
		BBC7CA682C60E2DA00470944 /* Following.swift in Sources */ = {isa = PBXBuildFile; fileRef = BBC7CA672C60E2DA00470944 /* Following.swift */; };
		BBD20D5B2A3C7D57007C0C71 /* SettingsView.swift in Sources */ = {isa = PBXBuildFile; fileRef = BBD20D5A2A3C7D57007C0C71 /* SettingsView.swift */; };
		BBD28DD12A2F9D9B00AD57C6 /* FeedAlbum.swift in Sources */ = {isa = PBXBuildFile; fileRef = BBD28DD02A2F9D9B00AD57C6 /* FeedAlbum.swift */; };
		BBD28DD32A2F9DC400AD57C6 /* FeedArtist.swift in Sources */ = {isa = PBXBuildFile; fileRef = BBD28DD22A2F9DC400AD57C6 /* FeedArtist.swift */; };
		BBD28DD52A2F9DDC00AD57C6 /* ListensPayload.swift in Sources */ = {isa = PBXBuildFile; fileRef = BBD28DD42A2F9DDC00AD57C6 /* ListensPayload.swift */; };
		BBD28DD72A2F9E0A00AD57C6 /* Listen.swift in Sources */ = {isa = PBXBuildFile; fileRef = BBD28DD62A2F9E0A00AD57C6 /* Listen.swift */; };
		BBD28DD92A2F9E2E00AD57C6 /* ListensTrackMetadata.swift in Sources */ = {isa = PBXBuildFile; fileRef = BBD28DD82A2F9E2E00AD57C6 /* ListensTrackMetadata.swift */; };
		BBD28DDB2A2F9E5400AD57C6 /* ListensAdditionalInfo.swift in Sources */ = {isa = PBXBuildFile; fileRef = BBD28DDA2A2F9E5400AD57C6 /* ListensAdditionalInfo.swift */; };
		BBD28DDD2A2F9E8B00AD57C6 /* ListensMbidMapping.swift in Sources */ = {isa = PBXBuildFile; fileRef = BBD28DDC2A2F9E8B00AD57C6 /* ListensMbidMapping.swift */; };
		BBD28DDF2A2F9EA300AD57C6 /* ArtistElement.swift in Sources */ = {isa = PBXBuildFile; fileRef = BBD28DDE2A2F9EA300AD57C6 /* ArtistElement.swift */; };
		BBD28DE12A2F9EB900AD57C6 /* Track.swift in Sources */ = {isa = PBXBuildFile; fileRef = BBD28DE02A2F9EB900AD57C6 /* Track.swift */; };
		BBE25E992C3FFCBA009C7B65 /* FeedHelper.swift in Sources */ = {isa = PBXBuildFile; fileRef = BBE25E982C3FFCBA009C7B65 /* FeedHelper.swift */; };
		BBE9630E2B0560FC00AA4219 /* BrainzPlayerMetadata.swift in Sources */ = {isa = PBXBuildFile; fileRef = BBE9630D2B0560FC00AA4219 /* BrainzPlayerMetadata.swift */; };
		BBE975B12A67FACD000908B1 /* MediaItemView.swift in Sources */ = {isa = PBXBuildFile; fileRef = BBE975B02A67FACD000908B1 /* MediaItemView.swift */; };
		BBE975B32A67FAF3000908B1 /* ShazamViewModel.swift in Sources */ = {isa = PBXBuildFile; fileRef = BBE975B22A67FAF3000908B1 /* ShazamViewModel.swift */; };
		BBFC06742C1EE2F700668E90 /* UserProfileView.swift in Sources */ = {isa = PBXBuildFile; fileRef = BBFC06732C1EE2F700668E90 /* UserProfileView.swift */; };
		BBFC06772C1EE49000668E90 /* SearchRepository.swift in Sources */ = {isa = PBXBuildFile; fileRef = BBFC06762C1EE49000668E90 /* SearchRepository.swift */; };
		BBFC06792C1EE49C00668E90 /* SearchRepositoryImpl.swift in Sources */ = {isa = PBXBuildFile; fileRef = BBFC06782C1EE49C00668E90 /* SearchRepositoryImpl.swift */; };
/* End PBXBuildFile section */

/* Begin PBXContainerItemProxy section */
		6F842DD829C64E3F00DBBC7B /* PBXContainerItemProxy */ = {
			isa = PBXContainerItemProxy;
			containerPortal = 6F842DBF29C64E3E00DBBC7B /* Project object */;
			proxyType = 1;
			remoteGlobalIDString = 6F842DC629C64E3E00DBBC7B;
			remoteInfo = Listenbrainz;
		};
		6F842DE229C64E3F00DBBC7B /* PBXContainerItemProxy */ = {
			isa = PBXContainerItemProxy;
			containerPortal = 6F842DBF29C64E3E00DBBC7B /* Project object */;
			proxyType = 1;
			remoteGlobalIDString = 6F842DC629C64E3E00DBBC7B;
			remoteInfo = Listenbrainz;
		};
/* End PBXContainerItemProxy section */

/* Begin PBXFileReference section */
		6F155CA92B08E32A005FE042 /* Extensions.swift */ = {isa = PBXFileReference; lastKnownFileType = sourcecode.swift; path = Extensions.swift; sourceTree = "<group>"; };
		6F3D51BF2B556D930077BAD9 /* AppEnvironment.swift */ = {isa = PBXFileReference; lastKnownFileType = sourcecode.swift; path = AppEnvironment.swift; sourceTree = "<group>"; };
		6F3D51C12B556DB80077BAD9 /* BuildConfiguration.swift */ = {isa = PBXFileReference; lastKnownFileType = sourcecode.swift; path = BuildConfiguration.swift; sourceTree = "<group>"; };
		6F842DC729C64E3E00DBBC7B /* Listenbrainz.app */ = {isa = PBXFileReference; explicitFileType = wrapper.application; includeInIndex = 0; path = Listenbrainz.app; sourceTree = BUILT_PRODUCTS_DIR; };
		6F842DCA29C64E3E00DBBC7B /* ListenbrainzApp.swift */ = {isa = PBXFileReference; lastKnownFileType = sourcecode.swift; path = ListenbrainzApp.swift; sourceTree = "<group>"; };
		6F842DCC29C64E3E00DBBC7B /* ListensView.swift */ = {isa = PBXFileReference; lastKnownFileType = sourcecode.swift; path = ListensView.swift; sourceTree = "<group>"; };
		6F842DCE29C64E3F00DBBC7B /* Assets.xcassets */ = {isa = PBXFileReference; lastKnownFileType = folder.assetcatalog; path = Assets.xcassets; sourceTree = "<group>"; };
		6F842DD729C64E3F00DBBC7B /* ListenbrainzTests.xctest */ = {isa = PBXFileReference; explicitFileType = wrapper.cfbundle; includeInIndex = 0; path = ListenbrainzTests.xctest; sourceTree = BUILT_PRODUCTS_DIR; };
		6F842DDB29C64E3F00DBBC7B /* ListenbrainzTests.swift */ = {isa = PBXFileReference; lastKnownFileType = sourcecode.swift; path = ListenbrainzTests.swift; sourceTree = "<group>"; };
		6F842DE129C64E3F00DBBC7B /* ListenbrainzUITests.xctest */ = {isa = PBXFileReference; explicitFileType = wrapper.cfbundle; includeInIndex = 0; path = ListenbrainzUITests.xctest; sourceTree = BUILT_PRODUCTS_DIR; };
		6F842DE529C64E3F00DBBC7B /* ListenbrainzUITests.swift */ = {isa = PBXFileReference; lastKnownFileType = sourcecode.swift; path = ListenbrainzUITests.swift; sourceTree = "<group>"; };
		6F842DE729C64E3F00DBBC7B /* ListenbrainzUITestsLaunchTests.swift */ = {isa = PBXFileReference; lastKnownFileType = sourcecode.swift; path = ListenbrainzUITestsLaunchTests.swift; sourceTree = "<group>"; };
		6F842DF829C6509300DBBC7B /* SpotifyManager.swift */ = {isa = PBXFileReference; lastKnownFileType = sourcecode.swift; path = SpotifyManager.swift; sourceTree = "<group>"; };
		6F842DFA29C650A600DBBC7B /* Constants.swift */ = {isa = PBXFileReference; lastKnownFileType = sourcecode.swift; path = Constants.swift; sourceTree = "<group>"; };
		6F842DFC29C6516800DBBC7B /* Info.plist */ = {isa = PBXFileReference; lastKnownFileType = text.plist.xml; path = Info.plist; sourceTree = "<group>"; };
		6F85B9622B56B23500DBD65F /* AdaptiveImage.swift */ = {isa = PBXFileReference; lastKnownFileType = sourcecode.swift; path = AdaptiveImage.swift; sourceTree = "<group>"; };
		BB05864D2A25034200744FF0 /* SongDetailView.swift */ = {isa = PBXFileReference; lastKnownFileType = sourcecode.swift; path = SongDetailView.swift; sourceTree = "<group>"; };
		BB0586522A25042C00744FF0 /* HomeViewModel.swift */ = {isa = PBXFileReference; lastKnownFileType = sourcecode.swift; path = HomeViewModel.swift; sourceTree = "<group>"; };
		BB0586562A2504AD00744FF0 /* Listens.swift */ = {isa = PBXFileReference; lastKnownFileType = sourcecode.swift; path = Listens.swift; sourceTree = "<group>"; };
		BB0586592A25052600744FF0 /* HomeRepository.swift */ = {isa = PBXFileReference; lastKnownFileType = sourcecode.swift; path = HomeRepository.swift; sourceTree = "<group>"; };
		BB05865B2A25053600744FF0 /* HomeRepositoryImpl.swift */ = {isa = PBXFileReference; lastKnownFileType = sourcecode.swift; path = HomeRepositoryImpl.swift; sourceTree = "<group>"; };
		BB086C6C2AA6FDD3000A8720 /* EventImageView.swift */ = {isa = PBXFileReference; lastKnownFileType = sourcecode.swift; path = EventImageView.swift; sourceTree = "<group>"; };
		BB086C6E2AA6FDDF000A8720 /* EventDescriptionView.swift */ = {isa = PBXFileReference; lastKnownFileType = sourcecode.swift; path = EventDescriptionView.swift; sourceTree = "<group>"; };
		BB086C702AA6FDE9000A8720 /* TrackInfoView.swift */ = {isa = PBXFileReference; lastKnownFileType = sourcecode.swift; path = TrackInfoView.swift; sourceTree = "<group>"; };
		BB09C7C02B0BEB5C00BCF5A9 /* TopBar.swift */ = {isa = PBXFileReference; lastKnownFileType = sourcecode.swift; path = TopBar.swift; sourceTree = "<group>"; };
		BB13BD9D2C6A361800807896 /* ListeningActivity.swift */ = {isa = PBXFileReference; lastKnownFileType = sourcecode.swift; path = ListeningActivity.swift; sourceTree = "<group>"; };
		BB13BDA22C6A44B000807896 /* TopArtists.swift */ = {isa = PBXFileReference; lastKnownFileType = sourcecode.swift; path = TopArtists.swift; sourceTree = "<group>"; };
		BB13BDA42C6A44BE00807896 /* TopAlbums.swift */ = {isa = PBXFileReference; lastKnownFileType = sourcecode.swift; path = TopAlbums.swift; sourceTree = "<group>"; };
		BB13BDA62C6A44CB00807896 /* TopTracks.swift */ = {isa = PBXFileReference; lastKnownFileType = sourcecode.swift; path = TopTracks.swift; sourceTree = "<group>"; };
		BB13BDA82C6A5A1D00807896 /* DailyActivity.swift */ = {isa = PBXFileReference; lastKnownFileType = sourcecode.swift; path = DailyActivity.swift; sourceTree = "<group>"; };
		BB2A4F5229EB48BE006933BC /* ContentView.swift */ = {isa = PBXFileReference; lastKnownFileType = sourcecode.swift; path = ContentView.swift; sourceTree = "<group>"; };
		BB2A4F5429EB48CC006933BC /* HomeView.swift */ = {isa = PBXFileReference; lastKnownFileType = sourcecode.swift; path = HomeView.swift; sourceTree = "<group>"; };
		BB2A4F5629EB48DF006933BC /* ProfileView.swift */ = {isa = PBXFileReference; lastKnownFileType = sourcecode.swift; path = ProfileView.swift; sourceTree = "<group>"; };
		BB2A4F5829EB48ED006933BC /* PlayerView.swift */ = {isa = PBXFileReference; lastKnownFileType = sourcecode.swift; path = PlayerView.swift; sourceTree = "<group>"; };
		BB31ADBE2C6A05E100D25CCA /* ListensStatsView.swift */ = {isa = PBXFileReference; lastKnownFileType = sourcecode.swift; path = ListensStatsView.swift; sourceTree = "<group>"; };
		BB46AC752C6A2E24003BE1FC /* StatisticsView.swift */ = {isa = PBXFileReference; lastKnownFileType = sourcecode.swift; path = StatisticsView.swift; sourceTree = "<group>"; };
		BB46AC772C6A2E2B003BE1FC /* TasteView.swift */ = {isa = PBXFileReference; lastKnownFileType = sourcecode.swift; path = TasteView.swift; sourceTree = "<group>"; };
		BB4DF0B72C0E03D100E7B55A /* SearchViewModel.swift */ = {isa = PBXFileReference; lastKnownFileType = sourcecode.swift; path = SearchViewModel.swift; sourceTree = "<group>"; };
		BB4DF0B92C0E03E300E7B55A /* SearchUser.swift */ = {isa = PBXFileReference; lastKnownFileType = sourcecode.swift; path = SearchUser.swift; sourceTree = "<group>"; };
		BB4DF0BB2C0E040000E7B55A /* SearchUsersView.swift */ = {isa = PBXFileReference; lastKnownFileType = sourcecode.swift; path = SearchUsersView.swift; sourceTree = "<group>"; };
		BB519BAA2B15E72F00766F01 /* OnBoardingView.swift */ = {isa = PBXFileReference; lastKnownFileType = sourcecode.swift; path = OnBoardingView.swift; sourceTree = "<group>"; };
		BB519BAC2B1DE78200766F01 /* WelcomeView.swift */ = {isa = PBXFileReference; lastKnownFileType = sourcecode.swift; path = WelcomeView.swift; sourceTree = "<group>"; };
		BB519BAE2B1DE95E00766F01 /* UserDetailsView.swift */ = {isa = PBXFileReference; lastKnownFileType = sourcecode.swift; path = UserDetailsView.swift; sourceTree = "<group>"; };
		BB5282132C32D86E00743A60 /* PinTrackView.swift */ = {isa = PBXFileReference; lastKnownFileType = sourcecode.swift; path = PinTrackView.swift; sourceTree = "<group>"; };
		BB5282152C32F9CC00743A60 /* PersonallyRecommendView.swift */ = {isa = PBXFileReference; lastKnownFileType = sourcecode.swift; path = PersonallyRecommendView.swift; sourceTree = "<group>"; };
		BB5282172C33125B00743A60 /* CentralModalView.swift */ = {isa = PBXFileReference; lastKnownFileType = sourcecode.swift; path = CentralModalView.swift; sourceTree = "<group>"; };
		BB59E7EC2C208A8000C8540F /* CustomSearchBar.swift */ = {isa = PBXFileReference; lastKnownFileType = sourcecode.swift; path = CustomSearchBar.swift; sourceTree = "<group>"; };
		BB66C1FA2A9F3EE700BB4CBA /* FeedViewModel.swift */ = {isa = PBXFileReference; lastKnownFileType = sourcecode.swift; path = FeedViewModel.swift; sourceTree = "<group>"; };
		BB66C1FC2A9F3EEF00BB4CBA /* FeedView.swift */ = {isa = PBXFileReference; lastKnownFileType = sourcecode.swift; path = FeedView.swift; sourceTree = "<group>"; };
		BB66C1FE2A9F3EFD00BB4CBA /* FeedRepository.swift */ = {isa = PBXFileReference; lastKnownFileType = sourcecode.swift; path = FeedRepository.swift; sourceTree = "<group>"; };
		BB66C2002A9F3F0900BB4CBA /* FeedRepositoryImpl.swift */ = {isa = PBXFileReference; lastKnownFileType = sourcecode.swift; path = FeedRepositoryImpl.swift; sourceTree = "<group>"; };
		BB66C2022A9F3F8700BB4CBA /* Event.swift */ = {isa = PBXFileReference; lastKnownFileType = sourcecode.swift; path = Event.swift; sourceTree = "<group>"; };
		BB66C2042A9F3FD500BB4CBA /* Metadata.swift */ = {isa = PBXFileReference; lastKnownFileType = sourcecode.swift; path = Metadata.swift; sourceTree = "<group>"; };
		BB66C2082AA0F56600BB4CBA /* FeedPayload.swift */ = {isa = PBXFileReference; lastKnownFileType = sourcecode.swift; path = FeedPayload.swift; sourceTree = "<group>"; };
		BB66C20A2AA0F5AD00BB4CBA /* FeedTrackMetadata.swift */ = {isa = PBXFileReference; lastKnownFileType = sourcecode.swift; path = FeedTrackMetadata.swift; sourceTree = "<group>"; };
		BB66C20C2AA0F5DE00BB4CBA /* FeedAdditionalInfo.swift */ = {isa = PBXFileReference; lastKnownFileType = sourcecode.swift; path = FeedAdditionalInfo.swift; sourceTree = "<group>"; };
		BB66C20E2AA0F63800BB4CBA /* FeedMbidMapping.swift */ = {isa = PBXFileReference; lastKnownFileType = sourcecode.swift; path = FeedMbidMapping.swift; sourceTree = "<group>"; };
		BB66C2102AA0F6C500BB4CBA /* ListensArtist.swift */ = {isa = PBXFileReference; lastKnownFileType = sourcecode.swift; path = ListensArtist.swift; sourceTree = "<group>"; };
		BB6FF5802B52D3B40057F8C1 /* ExploreView.swift */ = {isa = PBXFileReference; lastKnownFileType = sourcecode.swift; path = ExploreView.swift; sourceTree = "<group>"; };
		BB7833632B3F2DB3005D7266 /* ImageLoader.swift */ = {isa = PBXFileReference; lastKnownFileType = sourcecode.swift; path = ImageLoader.swift; sourceTree = "<group>"; };
		BB8305BD2C79EC5F00A61411 /* CreatedForYouPlaylist.swift */ = {isa = PBXFileReference; lastKnownFileType = sourcecode.swift; path = CreatedForYouPlaylist.swift; sourceTree = "<group>"; };
		BB88439B2C7245C100779ACC /* Taste.swift */ = {isa = PBXFileReference; lastKnownFileType = sourcecode.swift; path = Taste.swift; sourceTree = "<group>"; };
		BB88439D2C72656D00779ACC /* Pins.swift */ = {isa = PBXFileReference; lastKnownFileType = sourcecode.swift; path = Pins.swift; sourceTree = "<group>"; };
		BB88439F2C72815A00779ACC /* PlaylistsView.swift */ = {isa = PBXFileReference; lastKnownFileType = sourcecode.swift; path = PlaylistsView.swift; sourceTree = "<group>"; };
		BB8843A12C72821A00779ACC /* Playlist.swift */ = {isa = PBXFileReference; lastKnownFileType = sourcecode.swift; path = Playlist.swift; sourceTree = "<group>"; };
		BB8843A32C72843000779ACC /* CreatedForView.swift */ = {isa = PBXFileReference; lastKnownFileType = sourcecode.swift; path = CreatedForView.swift; sourceTree = "<group>"; };
		BB8843A52C7284DF00779ACC /* CreatedForYou.swift */ = {isa = PBXFileReference; lastKnownFileType = sourcecode.swift; path = CreatedForYou.swift; sourceTree = "<group>"; };
		BB8843A82C72BE7F00779ACC /* PinsView.swift */ = {isa = PBXFileReference; lastKnownFileType = sourcecode.swift; path = PinsView.swift; sourceTree = "<group>"; };
		BB8843AA2C72BE9E00779ACC /* CapsuleBarView.swift */ = {isa = PBXFileReference; lastKnownFileType = sourcecode.swift; path = CapsuleBarView.swift; sourceTree = "<group>"; };
		BBB115782B57A879004E157E /* TopMissedRecordingsView.swift */ = {isa = PBXFileReference; lastKnownFileType = sourcecode.swift; path = TopMissedRecordingsView.swift; sourceTree = "<group>"; };
		BBC334502C46EF3300A72E07 /* DashboardRepository.swift */ = {isa = PBXFileReference; lastKnownFileType = sourcecode.swift; path = DashboardRepository.swift; sourceTree = "<group>"; };
		BBC334522C46EF3F00A72E07 /* DashboardRepositoryImpl.swift */ = {isa = PBXFileReference; lastKnownFileType = sourcecode.swift; path = DashboardRepositoryImpl.swift; sourceTree = "<group>"; };
		BBC334552C46EF6200A72E07 /* DashboardViewModel.swift */ = {isa = PBXFileReference; lastKnownFileType = sourcecode.swift; path = DashboardViewModel.swift; sourceTree = "<group>"; };
		BBC5C7A92B4FE801000A5EB1 /* YimRepository.swift */ = {isa = PBXFileReference; lastKnownFileType = sourcecode.swift; path = YimRepository.swift; sourceTree = "<group>"; };
		BBC5C7AB2B4FE80C000A5EB1 /* YimRepositoryImpl.swift */ = {isa = PBXFileReference; lastKnownFileType = sourcecode.swift; path = YimRepositoryImpl.swift; sourceTree = "<group>"; };
		BBC5C7AD2B4FE817000A5EB1 /* YimViewModel.swift */ = {isa = PBXFileReference; lastKnownFileType = sourcecode.swift; path = YimViewModel.swift; sourceTree = "<group>"; };
		BBC5C7B02B4FE83D000A5EB1 /* YimData.swift */ = {isa = PBXFileReference; lastKnownFileType = sourcecode.swift; path = YimData.swift; sourceTree = "<group>"; };
		BBC5C7B22B4FE861000A5EB1 /* DataClass.swift */ = {isa = PBXFileReference; lastKnownFileType = sourcecode.swift; path = DataClass.swift; sourceTree = "<group>"; };
		BBC5C7B42B4FE875000A5EB1 /* ListensPerDay.swift */ = {isa = PBXFileReference; lastKnownFileType = sourcecode.swift; path = ListensPerDay.swift; sourceTree = "<group>"; };
		BBC5C7B62B4FE887000A5EB1 /* TopArtistElement.swift */ = {isa = PBXFileReference; lastKnownFileType = sourcecode.swift; path = TopArtistElement.swift; sourceTree = "<group>"; };
		BBC5C7B82B4FE89E000A5EB1 /* NewRelasesOfTopArtist.swift */ = {isa = PBXFileReference; lastKnownFileType = sourcecode.swift; path = NewRelasesOfTopArtist.swift; sourceTree = "<group>"; };
		BBC5C7BA2B4FE8AE000A5EB1 /* TopGenre.swift */ = {isa = PBXFileReference; lastKnownFileType = sourcecode.swift; path = TopGenre.swift; sourceTree = "<group>"; };
		BBC5C7BC2B4FE8C0000A5EB1 /* TopRecording.swift */ = {isa = PBXFileReference; lastKnownFileType = sourcecode.swift; path = TopRecording.swift; sourceTree = "<group>"; };
		BBC5C7BE2B4FE8D3000A5EB1 /* TopReleaseGroup.swift */ = {isa = PBXFileReference; lastKnownFileType = sourcecode.swift; path = TopReleaseGroup.swift; sourceTree = "<group>"; };
		BBC5C7C02B4FE8F7000A5EB1 /* TopDiscoveries.swift */ = {isa = PBXFileReference; lastKnownFileType = sourcecode.swift; path = TopDiscoveries.swift; sourceTree = "<group>"; };
		BBC5C7C32B4FEE53000A5EB1 /* YimLandingView.swift */ = {isa = PBXFileReference; lastKnownFileType = sourcecode.swift; path = YimLandingView.swift; sourceTree = "<group>"; };
		BBC5C7C62B4FEE86000A5EB1 /* ChartsTitleView.swift */ = {isa = PBXFileReference; lastKnownFileType = sourcecode.swift; path = ChartsTitleView.swift; sourceTree = "<group>"; };
		BBC5C7C82B4FEE95000A5EB1 /* TopYimView.swift */ = {isa = PBXFileReference; lastKnownFileType = sourcecode.swift; path = TopYimView.swift; sourceTree = "<group>"; };
		BBC5C7CA2B4FEE9D000A5EB1 /* BottomYimView.swift */ = {isa = PBXFileReference; lastKnownFileType = sourcecode.swift; path = BottomYimView.swift; sourceTree = "<group>"; };
		BBC5C7CC2B4FEEC7000A5EB1 /* TopAlbumsGridView.swift */ = {isa = PBXFileReference; lastKnownFileType = sourcecode.swift; path = TopAlbumsGridView.swift; sourceTree = "<group>"; };
		BBC5C7CE2B4FEEDD000A5EB1 /* TopAlbumsView.swift */ = {isa = PBXFileReference; lastKnownFileType = sourcecode.swift; path = TopAlbumsView.swift; sourceTree = "<group>"; };
		BBC5C7D02B4FEEFC000A5EB1 /* TopRecordingsView.swift */ = {isa = PBXFileReference; lastKnownFileType = sourcecode.swift; path = TopRecordingsView.swift; sourceTree = "<group>"; };
		BBC5C7D22B4FEF1E000A5EB1 /* TopArtistsView.swift */ = {isa = PBXFileReference; lastKnownFileType = sourcecode.swift; path = TopArtistsView.swift; sourceTree = "<group>"; };
		BBC5C7D52B4FF031000A5EB1 /* StatsTitleView.swift */ = {isa = PBXFileReference; lastKnownFileType = sourcecode.swift; path = StatsTitleView.swift; sourceTree = "<group>"; };
		BBC5C7D72B4FF037000A5EB1 /* StatsView.swift */ = {isa = PBXFileReference; lastKnownFileType = sourcecode.swift; path = StatsView.swift; sourceTree = "<group>"; };
		BBC5C7D92B4FF03F000A5EB1 /* HeatMapScreenView.swift */ = {isa = PBXFileReference; lastKnownFileType = sourcecode.swift; path = HeatMapScreenView.swift; sourceTree = "<group>"; };
		BBC5C7DB2B4FF048000A5EB1 /* ListeningChartView.swift */ = {isa = PBXFileReference; lastKnownFileType = sourcecode.swift; path = ListeningChartView.swift; sourceTree = "<group>"; };
		BBC5C7DE2B4FF09E000A5EB1 /* TopDiscoveriesView.swift */ = {isa = PBXFileReference; lastKnownFileType = sourcecode.swift; path = TopDiscoveriesView.swift; sourceTree = "<group>"; };
		BBC5C7E12B4FF0EE000A5EB1 /* MusicBuddiesView.swift */ = {isa = PBXFileReference; lastKnownFileType = sourcecode.swift; path = MusicBuddiesView.swift; sourceTree = "<group>"; };
		BBC5C7E32B4FF11C000A5EB1 /* NewReleasesView.swift */ = {isa = PBXFileReference; lastKnownFileType = sourcecode.swift; path = NewReleasesView.swift; sourceTree = "<group>"; };
		BBC5C7E52B4FF1B8000A5EB1 /* MainView.swift */ = {isa = PBXFileReference; lastKnownFileType = sourcecode.swift; path = MainView.swift; sourceTree = "<group>"; };
		BBC5C7E72B512ECD000A5EB1 /* DiscoverTitleView.swift */ = {isa = PBXFileReference; lastKnownFileType = sourcecode.swift; path = DiscoverTitleView.swift; sourceTree = "<group>"; };
		BBC5C7E92B512F85000A5EB1 /* PlaylistsTitleView.swift */ = {isa = PBXFileReference; lastKnownFileType = sourcecode.swift; path = PlaylistsTitleView.swift; sourceTree = "<group>"; };
		BBC5C7EB2B513119000A5EB1 /* YimLastView.swift */ = {isa = PBXFileReference; lastKnownFileType = sourcecode.swift; path = YimLastView.swift; sourceTree = "<group>"; };
		BBC5E6132C3BC6E30046DDD9 /* WriteAReviewView.swift */ = {isa = PBXFileReference; lastKnownFileType = sourcecode.swift; path = WriteAReviewView.swift; sourceTree = "<group>"; };
		BBC7CA632C60DC2F00470944 /* Count.swift */ = {isa = PBXFileReference; lastKnownFileType = sourcecode.swift; path = Count.swift; sourceTree = "<group>"; };
		BBC7CA652C60E29D00470944 /* Followers.swift */ = {isa = PBXFileReference; lastKnownFileType = sourcecode.swift; path = Followers.swift; sourceTree = "<group>"; };
		BBC7CA672C60E2DA00470944 /* Following.swift */ = {isa = PBXFileReference; lastKnownFileType = sourcecode.swift; path = Following.swift; sourceTree = "<group>"; };
		BBD20D5A2A3C7D57007C0C71 /* SettingsView.swift */ = {isa = PBXFileReference; lastKnownFileType = sourcecode.swift; path = SettingsView.swift; sourceTree = "<group>"; };
		BBD28DD02A2F9D9B00AD57C6 /* FeedAlbum.swift */ = {isa = PBXFileReference; lastKnownFileType = sourcecode.swift; path = FeedAlbum.swift; sourceTree = "<group>"; };
		BBD28DD22A2F9DC400AD57C6 /* FeedArtist.swift */ = {isa = PBXFileReference; lastKnownFileType = sourcecode.swift; path = FeedArtist.swift; sourceTree = "<group>"; };
		BBD28DD42A2F9DDC00AD57C6 /* ListensPayload.swift */ = {isa = PBXFileReference; lastKnownFileType = sourcecode.swift; path = ListensPayload.swift; sourceTree = "<group>"; };
		BBD28DD62A2F9E0A00AD57C6 /* Listen.swift */ = {isa = PBXFileReference; lastKnownFileType = sourcecode.swift; path = Listen.swift; sourceTree = "<group>"; };
		BBD28DD82A2F9E2E00AD57C6 /* ListensTrackMetadata.swift */ = {isa = PBXFileReference; lastKnownFileType = sourcecode.swift; path = ListensTrackMetadata.swift; sourceTree = "<group>"; };
		BBD28DDA2A2F9E5400AD57C6 /* ListensAdditionalInfo.swift */ = {isa = PBXFileReference; lastKnownFileType = sourcecode.swift; path = ListensAdditionalInfo.swift; sourceTree = "<group>"; };
		BBD28DDC2A2F9E8B00AD57C6 /* ListensMbidMapping.swift */ = {isa = PBXFileReference; lastKnownFileType = sourcecode.swift; path = ListensMbidMapping.swift; sourceTree = "<group>"; };
		BBD28DDE2A2F9EA300AD57C6 /* ArtistElement.swift */ = {isa = PBXFileReference; lastKnownFileType = sourcecode.swift; path = ArtistElement.swift; sourceTree = "<group>"; };
		BBD28DE02A2F9EB900AD57C6 /* Track.swift */ = {isa = PBXFileReference; lastKnownFileType = sourcecode.swift; path = Track.swift; sourceTree = "<group>"; };
		BBE25E982C3FFCBA009C7B65 /* FeedHelper.swift */ = {isa = PBXFileReference; lastKnownFileType = sourcecode.swift; path = FeedHelper.swift; sourceTree = "<group>"; };
		BBE9630D2B0560FC00AA4219 /* BrainzPlayerMetadata.swift */ = {isa = PBXFileReference; lastKnownFileType = sourcecode.swift; path = BrainzPlayerMetadata.swift; sourceTree = "<group>"; };
		BBE975AF2A67FA7F000908B1 /* Listenbrainz.entitlements */ = {isa = PBXFileReference; lastKnownFileType = text.plist.entitlements; path = Listenbrainz.entitlements; sourceTree = "<group>"; };
		BBE975B02A67FACD000908B1 /* MediaItemView.swift */ = {isa = PBXFileReference; lastKnownFileType = sourcecode.swift; path = MediaItemView.swift; sourceTree = "<group>"; };
		BBE975B22A67FAF3000908B1 /* ShazamViewModel.swift */ = {isa = PBXFileReference; lastKnownFileType = sourcecode.swift; path = ShazamViewModel.swift; sourceTree = "<group>"; };
		BBFC06732C1EE2F700668E90 /* UserProfileView.swift */ = {isa = PBXFileReference; lastKnownFileType = sourcecode.swift; path = UserProfileView.swift; sourceTree = "<group>"; };
		BBFC06762C1EE49000668E90 /* SearchRepository.swift */ = {isa = PBXFileReference; lastKnownFileType = sourcecode.swift; path = SearchRepository.swift; sourceTree = "<group>"; };
		BBFC06782C1EE49C00668E90 /* SearchRepositoryImpl.swift */ = {isa = PBXFileReference; lastKnownFileType = sourcecode.swift; path = SearchRepositoryImpl.swift; sourceTree = "<group>"; };
/* End PBXFileReference section */

/* Begin PBXFrameworksBuildPhase section */
		6F842DC429C64E3E00DBBC7B /* Frameworks */ = {
			isa = PBXFrameworksBuildPhase;
			buildActionMask = 2147483647;
			files = (
				6F842DF629C64EF200DBBC7B /* SpotifyiOS in Frameworks */,
				BB0586512A2503E600744FF0 /* Alamofire in Frameworks */,
			);
			runOnlyForDeploymentPostprocessing = 0;
		};
		6F842DD429C64E3F00DBBC7B /* Frameworks */ = {
			isa = PBXFrameworksBuildPhase;
			buildActionMask = 2147483647;
			files = (
			);
			runOnlyForDeploymentPostprocessing = 0;
		};
		6F842DDE29C64E3F00DBBC7B /* Frameworks */ = {
			isa = PBXFrameworksBuildPhase;
			buildActionMask = 2147483647;
			files = (
			);
			runOnlyForDeploymentPostprocessing = 0;
		};
/* End PBXFrameworksBuildPhase section */

/* Begin PBXGroup section */
		6F3D51BE2B556D860077BAD9 /* Config */ = {
			isa = PBXGroup;
			children = (
				6F3D51BF2B556D930077BAD9 /* AppEnvironment.swift */,
				6F3D51C12B556DB80077BAD9 /* BuildConfiguration.swift */,
			);
			path = Config;
			sourceTree = "<group>";
		};
		6F7620A029C66C6600CDA3E8 /* Application */ = {
			isa = PBXGroup;
			children = (
				6F842DCA29C64E3E00DBBC7B /* ListenbrainzApp.swift */,
			);
			path = Application;
			sourceTree = "<group>";
		};
		6F7620A129C66C7300CDA3E8 /* UI */ = {
			isa = PBXGroup;
			children = (
				6F7620A329C66C8000CDA3E8 /* Screens */,
				6F7620A229C66C7900CDA3E8 /* Components */,
			);
			path = UI;
			sourceTree = "<group>";
		};
		6F7620A229C66C7900CDA3E8 /* Components */ = {
			isa = PBXGroup;
			children = (
				BBD20D5A2A3C7D57007C0C71 /* SettingsView.swift */,
				BB519BAA2B15E72F00766F01 /* OnBoardingView.swift */,
				BB519BAC2B1DE78200766F01 /* WelcomeView.swift */,
				BB519BAE2B1DE95E00766F01 /* UserDetailsView.swift */,
				BB09C7C02B0BEB5C00BCF5A9 /* TopBar.swift */,
				6F85B9622B56B23500DBD65F /* AdaptiveImage.swift */,
			);
			path = Components;
			sourceTree = "<group>";
		};
		6F7620A329C66C8000CDA3E8 /* Screens */ = {
			isa = PBXGroup;
			children = (
				BB46AC742C6A2DF5003BE1FC /* DashboardComponents */,
				BBFC06722C1EE2E400668E90 /* SearchUsers */,
				BBC5C7C22B4FEE31000A5EB1 /* Yim */,
				BBA32A842AA1D6A500F86779 /* Shazam */,
				BBA32A832AA1D69A00F86779 /* Feed */,
				BB2A4F5229EB48BE006933BC /* ContentView.swift */,
				BB2A4F5429EB48CC006933BC /* HomeView.swift */,
				BB2A4F5629EB48DF006933BC /* ProfileView.swift */,
			);
			path = Screens;
			sourceTree = "<group>";
		};
		6F842DBE29C64E3E00DBBC7B = {
			isa = PBXGroup;
			children = (
				6F842DC929C64E3E00DBBC7B /* Listenbrainz */,
				6F842DDA29C64E3F00DBBC7B /* ListenbrainzTests */,
				6F842DE429C64E3F00DBBC7B /* ListenbrainzUITests */,
				6F842DC829C64E3E00DBBC7B /* Products */,
			);
			sourceTree = "<group>";
		};
		6F842DC829C64E3E00DBBC7B /* Products */ = {
			isa = PBXGroup;
			children = (
				6F842DC729C64E3E00DBBC7B /* Listenbrainz.app */,
				6F842DD729C64E3F00DBBC7B /* ListenbrainzTests.xctest */,
				6F842DE129C64E3F00DBBC7B /* ListenbrainzUITests.xctest */,
			);
			name = Products;
			sourceTree = "<group>";
		};
		6F842DC929C64E3E00DBBC7B /* Listenbrainz */ = {
			isa = PBXGroup;
			children = (
				6F3D51BE2B556D860077BAD9 /* Config */,
				6F7620A029C66C6600CDA3E8 /* Application */,
				6F842E0029C6551900DBBC7B /* Resources */,
				BB0586552A25049100744FF0 /* Model */,
				BB0586582A2504CC00744FF0 /* Repository */,
				6F842DFD29C651D400DBBC7B /* ViewModel */,
				6F7620A129C66C7300CDA3E8 /* UI */,
				6F842DF729C6508600DBBC7B /* Utils */,
			);
			path = Listenbrainz;
			sourceTree = "<group>";
		};
		6F842DDA29C64E3F00DBBC7B /* ListenbrainzTests */ = {
			isa = PBXGroup;
			children = (
				6F842DDB29C64E3F00DBBC7B /* ListenbrainzTests.swift */,
			);
			path = ListenbrainzTests;
			sourceTree = "<group>";
		};
		6F842DE429C64E3F00DBBC7B /* ListenbrainzUITests */ = {
			isa = PBXGroup;
			children = (
				6F842DE529C64E3F00DBBC7B /* ListenbrainzUITests.swift */,
				6F842DE729C64E3F00DBBC7B /* ListenbrainzUITestsLaunchTests.swift */,
			);
			path = ListenbrainzUITests;
			sourceTree = "<group>";
		};
		6F842DF729C6508600DBBC7B /* Utils */ = {
			isa = PBXGroup;
			children = (
				6F842DFA29C650A600DBBC7B /* Constants.swift */,
				6F155CA92B08E32A005FE042 /* Extensions.swift */,
				BB7833632B3F2DB3005D7266 /* ImageLoader.swift */,
				BBE25E982C3FFCBA009C7B65 /* FeedHelper.swift */,
			);
			path = Utils;
			sourceTree = "<group>";
		};
		6F842DFD29C651D400DBBC7B /* ViewModel */ = {
			isa = PBXGroup;
			children = (
				6F842DF829C6509300DBBC7B /* SpotifyManager.swift */,
				BB0586522A25042C00744FF0 /* HomeViewModel.swift */,
				BBE975B22A67FAF3000908B1 /* ShazamViewModel.swift */,
				BB66C1FA2A9F3EE700BB4CBA /* FeedViewModel.swift */,
				BBC5C7AD2B4FE817000A5EB1 /* YimViewModel.swift */,
				BB4DF0B72C0E03D100E7B55A /* SearchViewModel.swift */,
				BBC334552C46EF6200A72E07 /* DashboardViewModel.swift */,
			);
			path = ViewModel;
			sourceTree = "<group>";
		};
		6F842E0029C6551900DBBC7B /* Resources */ = {
			isa = PBXGroup;
			children = (
				BBE975AF2A67FA7F000908B1 /* Listenbrainz.entitlements */,
				6F842DCE29C64E3F00DBBC7B /* Assets.xcassets */,
				6F842DFC29C6516800DBBC7B /* Info.plist */,
			);
			path = Resources;
			sourceTree = "<group>";
		};
		BB0586552A25049100744FF0 /* Model */ = {
			isa = PBXGroup;
			children = (
				BBC334542C46EF5000A72E07 /* Dashboard */,
				BBC5C7AF2B4FE81D000A5EB1 /* Yim */,
				BBA32A812AA1D63100F86779 /* Feed */,
				BBA32A802AA1D62700F86779 /* Listens */,
				BB4DF0B92C0E03E300E7B55A /* SearchUser.swift */,
				BBC7CA632C60DC2F00470944 /* Count.swift */,
				BB88439B2C7245C100779ACC /* Taste.swift */,
				BB88439D2C72656D00779ACC /* Pins.swift */,
				BB8843A52C7284DF00779ACC /* CreatedForYou.swift */,
				BB8305BD2C79EC5F00A61411 /* CreatedForYouPlaylist.swift */,
			);
			path = Model;
			sourceTree = "<group>";
		};
		BB0586582A2504CC00744FF0 /* Repository */ = {
			isa = PBXGroup;
			children = (
				BBC3344F2C46EF2500A72E07 /* Dashboard */,
				BBFC06752C1EE48500668E90 /* Search */,
				BBC5C7A82B4FE7EA000A5EB1 /* Yim */,
				BBA32A7F2AA1D5F600F86779 /* Feed */,
				BBA32A7D2AA1D5CE00F86779 /* Listens */,
			);
			path = Repository;
			sourceTree = "<group>";
		};
		BB13BD9C2C6A35FF00807896 /* Statistics */ = {
			isa = PBXGroup;
			children = (
				BB13BD9D2C6A361800807896 /* ListeningActivity.swift */,
				BB13BDA22C6A44B000807896 /* TopArtists.swift */,
				BB13BDA42C6A44BE00807896 /* TopAlbums.swift */,
				BB13BDA62C6A44CB00807896 /* TopTracks.swift */,
				BB13BDA82C6A5A1D00807896 /* DailyActivity.swift */,
			);
			path = Statistics;
			sourceTree = "<group>";
		};
		BB13BD9F2C6A42CE00807896 /* Statistics */ = {
			isa = PBXGroup;
			children = (
				BB13BDC22C6A710A00807896 /* TopAlbumsSection */,
				BB46AC752C6A2E24003BE1FC /* StatisticsView.swift */,
			);
			path = Statistics;
			sourceTree = "<group>";
		};
		BB13BDC22C6A710A00807896 /* TopAlbumsSection */ = {
			isa = PBXGroup;
			children = (
			);
			path = TopAlbumsSection;
			sourceTree = "<group>";
		};
		BB46AC742C6A2DF5003BE1FC /* DashboardComponents */ = {
			isa = PBXGroup;
			children = (
				BB8843A72C72BE6A00779ACC /* Taste */,
				BB13BD9F2C6A42CE00807896 /* Statistics */,
				BBA32A822AA1D68E00F86779 /* Listens */,
				BB88439F2C72815A00779ACC /* PlaylistsView.swift */,
				BB8843A32C72843000779ACC /* CreatedForView.swift */,
			);
			path = DashboardComponents;
			sourceTree = "<group>";
		};
		BB8843A72C72BE6A00779ACC /* Taste */ = {
			isa = PBXGroup;
			children = (
				BB46AC772C6A2E2B003BE1FC /* TasteView.swift */,
				BB8843A82C72BE7F00779ACC /* PinsView.swift */,
				BB8843AA2C72BE9E00779ACC /* CapsuleBarView.swift */,
			);
			path = Taste;
			sourceTree = "<group>";
		};
		BBA32A7D2AA1D5CE00F86779 /* Listens */ = {
			isa = PBXGroup;
			children = (
				BB0586592A25052600744FF0 /* HomeRepository.swift */,
				BB05865B2A25053600744FF0 /* HomeRepositoryImpl.swift */,
			);
			path = Listens;
			sourceTree = "<group>";
		};
		BBA32A7F2AA1D5F600F86779 /* Feed */ = {
			isa = PBXGroup;
			children = (
				BB66C1FE2A9F3EFD00BB4CBA /* FeedRepository.swift */,
				BB66C2002A9F3F0900BB4CBA /* FeedRepositoryImpl.swift */,
			);
			path = Feed;
			sourceTree = "<group>";
		};
		BBA32A802AA1D62700F86779 /* Listens */ = {
			isa = PBXGroup;
			children = (
				BB0586562A2504AD00744FF0 /* Listens.swift */,
				BB66C2102AA0F6C500BB4CBA /* ListensArtist.swift */,
				BBD28DD42A2F9DDC00AD57C6 /* ListensPayload.swift */,
				BBD28DD62A2F9E0A00AD57C6 /* Listen.swift */,
				BBD28DD82A2F9E2E00AD57C6 /* ListensTrackMetadata.swift */,
				BBE9630D2B0560FC00AA4219 /* BrainzPlayerMetadata.swift */,
				BBD28DDA2A2F9E5400AD57C6 /* ListensAdditionalInfo.swift */,
				BBD28DDC2A2F9E8B00AD57C6 /* ListensMbidMapping.swift */,
			);
			path = Listens;
			sourceTree = "<group>";
		};
		BBA32A812AA1D63100F86779 /* Feed */ = {
			isa = PBXGroup;
			children = (
				BBD28DD02A2F9D9B00AD57C6 /* FeedAlbum.swift */,
				BBD28DD22A2F9DC400AD57C6 /* FeedArtist.swift */,
				BB66C2082AA0F56600BB4CBA /* FeedPayload.swift */,
				BB66C2042A9F3FD500BB4CBA /* Metadata.swift */,
				BB66C20A2AA0F5AD00BB4CBA /* FeedTrackMetadata.swift */,
				BB66C20C2AA0F5DE00BB4CBA /* FeedAdditionalInfo.swift */,
				BB66C20E2AA0F63800BB4CBA /* FeedMbidMapping.swift */,
				BBD28DDE2A2F9EA300AD57C6 /* ArtistElement.swift */,
				BB66C2022A9F3F8700BB4CBA /* Event.swift */,
				BBD28DE02A2F9EB900AD57C6 /* Track.swift */,
				BB8843A12C72821A00779ACC /* Playlist.swift */,
			);
			path = Feed;
			sourceTree = "<group>";
		};
		BBA32A822AA1D68E00F86779 /* Listens */ = {
			isa = PBXGroup;
			children = (
				6F842DCC29C64E3E00DBBC7B /* ListensView.swift */,
				BB05864D2A25034200744FF0 /* SongDetailView.swift */,
				BB31ADBE2C6A05E100D25CCA /* ListensStatsView.swift */,
			);
			path = Listens;
			sourceTree = "<group>";
		};
		BBA32A832AA1D69A00F86779 /* Feed */ = {
			isa = PBXGroup;
			children = (
				BB66C1FC2A9F3EEF00BB4CBA /* FeedView.swift */,
				BB086C6C2AA6FDD3000A8720 /* EventImageView.swift */,
				BB086C6E2AA6FDDF000A8720 /* EventDescriptionView.swift */,
				BB086C702AA6FDE9000A8720 /* TrackInfoView.swift */,
				BB5282132C32D86E00743A60 /* PinTrackView.swift */,
				BB5282152C32F9CC00743A60 /* PersonallyRecommendView.swift */,
				BBC5E6132C3BC6E30046DDD9 /* WriteAReviewView.swift */,
				BB5282172C33125B00743A60 /* CentralModalView.swift */,
			);
			path = Feed;
			sourceTree = "<group>";
		};
		BBA32A842AA1D6A500F86779 /* Shazam */ = {
			isa = PBXGroup;
			children = (
				BB2A4F5829EB48ED006933BC /* PlayerView.swift */,
				BBE975B02A67FACD000908B1 /* MediaItemView.swift */,
			);
			path = Shazam;
			sourceTree = "<group>";
		};
		BBC3344F2C46EF2500A72E07 /* Dashboard */ = {
			isa = PBXGroup;
			children = (
				BBC334502C46EF3300A72E07 /* DashboardRepository.swift */,
				BBC334522C46EF3F00A72E07 /* DashboardRepositoryImpl.swift */,
			);
			path = Dashboard;
			sourceTree = "<group>";
		};
		BBC334542C46EF5000A72E07 /* Dashboard */ = {
			isa = PBXGroup;
			children = (
				BB13BD9C2C6A35FF00807896 /* Statistics */,
				BBC7CA652C60E29D00470944 /* Followers.swift */,
				BBC7CA672C60E2DA00470944 /* Following.swift */,
			);
			path = Dashboard;
			sourceTree = "<group>";
		};
		BBC5C7A82B4FE7EA000A5EB1 /* Yim */ = {
			isa = PBXGroup;
			children = (
				BBC5C7A92B4FE801000A5EB1 /* YimRepository.swift */,
				BBC5C7AB2B4FE80C000A5EB1 /* YimRepositoryImpl.swift */,
			);
			path = Yim;
			sourceTree = "<group>";
		};
		BBC5C7AF2B4FE81D000A5EB1 /* Yim */ = {
			isa = PBXGroup;
			children = (
				BBC5C7B02B4FE83D000A5EB1 /* YimData.swift */,
				BBC5C7B22B4FE861000A5EB1 /* DataClass.swift */,
				BBC5C7B42B4FE875000A5EB1 /* ListensPerDay.swift */,
				BBC5C7B62B4FE887000A5EB1 /* TopArtistElement.swift */,
				BBC5C7B82B4FE89E000A5EB1 /* NewRelasesOfTopArtist.swift */,
				BBC5C7BA2B4FE8AE000A5EB1 /* TopGenre.swift */,
				BBC5C7BC2B4FE8C0000A5EB1 /* TopRecording.swift */,
				BBC5C7BE2B4FE8D3000A5EB1 /* TopReleaseGroup.swift */,
				BBC5C7C02B4FE8F7000A5EB1 /* TopDiscoveries.swift */,
			);
			path = Yim;
			sourceTree = "<group>";
		};
		BBC5C7C22B4FEE31000A5EB1 /* Yim */ = {
			isa = PBXGroup;
			children = (
				BBC5C7E02B4FF0BF000A5EB1 /* Discover */,
				BBC5C7DD2B4FF092000A5EB1 /* Playlists */,
				BBC5C7D42B4FF021000A5EB1 /* Stats */,
				BBC5C7C52B4FEE6F000A5EB1 /* Charts */,
				BBC5C7C32B4FEE53000A5EB1 /* YimLandingView.swift */,
				BBC5C7EB2B513119000A5EB1 /* YimLastView.swift */,
				BBC5C7C82B4FEE95000A5EB1 /* TopYimView.swift */,
				BBC5C7CA2B4FEE9D000A5EB1 /* BottomYimView.swift */,
				BBC5C7E52B4FF1B8000A5EB1 /* MainView.swift */,
				BB6FF5802B52D3B40057F8C1 /* ExploreView.swift */,
			);
			path = Yim;
			sourceTree = "<group>";
		};
		BBC5C7C52B4FEE6F000A5EB1 /* Charts */ = {
			isa = PBXGroup;
			children = (
				BBC5C7C62B4FEE86000A5EB1 /* ChartsTitleView.swift */,
				BBC5C7CC2B4FEEC7000A5EB1 /* TopAlbumsGridView.swift */,
				BBC5C7CE2B4FEEDD000A5EB1 /* TopAlbumsView.swift */,
				BBC5C7D02B4FEEFC000A5EB1 /* TopRecordingsView.swift */,
				BBC5C7D22B4FEF1E000A5EB1 /* TopArtistsView.swift */,
			);
			path = Charts;
			sourceTree = "<group>";
		};
		BBC5C7D42B4FF021000A5EB1 /* Stats */ = {
			isa = PBXGroup;
			children = (
				BBC5C7D52B4FF031000A5EB1 /* StatsTitleView.swift */,
				BBC5C7D72B4FF037000A5EB1 /* StatsView.swift */,
				BBC5C7D92B4FF03F000A5EB1 /* HeatMapScreenView.swift */,
				BBC5C7DB2B4FF048000A5EB1 /* ListeningChartView.swift */,
			);
			path = Stats;
			sourceTree = "<group>";
		};
		BBC5C7DD2B4FF092000A5EB1 /* Playlists */ = {
			isa = PBXGroup;
			children = (
				BBC5C7DE2B4FF09E000A5EB1 /* TopDiscoveriesView.swift */,
				BBB115782B57A879004E157E /* TopMissedRecordingsView.swift */,
				BBC5C7E92B512F85000A5EB1 /* PlaylistsTitleView.swift */,
			);
			path = Playlists;
			sourceTree = "<group>";
		};
		BBC5C7E02B4FF0BF000A5EB1 /* Discover */ = {
			isa = PBXGroup;
			children = (
				BBC5C7E12B4FF0EE000A5EB1 /* MusicBuddiesView.swift */,
				BBC5C7E72B512ECD000A5EB1 /* DiscoverTitleView.swift */,
				BBC5C7E32B4FF11C000A5EB1 /* NewReleasesView.swift */,
			);
			path = Discover;
			sourceTree = "<group>";
		};
		BBFC06722C1EE2E400668E90 /* SearchUsers */ = {
			isa = PBXGroup;
			children = (
				BB4DF0BB2C0E040000E7B55A /* SearchUsersView.swift */,
				BBFC06732C1EE2F700668E90 /* UserProfileView.swift */,
				BB59E7EC2C208A8000C8540F /* CustomSearchBar.swift */,
			);
			path = SearchUsers;
			sourceTree = "<group>";
		};
		BBFC06752C1EE48500668E90 /* Search */ = {
			isa = PBXGroup;
			children = (
				BBFC06762C1EE49000668E90 /* SearchRepository.swift */,
				BBFC06782C1EE49C00668E90 /* SearchRepositoryImpl.swift */,
			);
			path = Search;
			sourceTree = "<group>";
		};
/* End PBXGroup section */

/* Begin PBXNativeTarget section */
		6F842DC629C64E3E00DBBC7B /* Listenbrainz */ = {
			isa = PBXNativeTarget;
			buildConfigurationList = 6F842DEB29C64E3F00DBBC7B /* Build configuration list for PBXNativeTarget "Listenbrainz" */;
			buildPhases = (
				6F842DC329C64E3E00DBBC7B /* Sources */,
				6F842DC429C64E3E00DBBC7B /* Frameworks */,
				6F842DC529C64E3E00DBBC7B /* Resources */,
			);
			buildRules = (
			);
			dependencies = (
			);
			name = Listenbrainz;
			packageProductDependencies = (
				6F842DF529C64EF200DBBC7B /* SpotifyiOS */,
				BB0586502A2503E600744FF0 /* Alamofire */,
			);
			productName = Listenbrainz;
			productReference = 6F842DC729C64E3E00DBBC7B /* Listenbrainz.app */;
			productType = "com.apple.product-type.application";
		};
		6F842DD629C64E3F00DBBC7B /* ListenbrainzTests */ = {
			isa = PBXNativeTarget;
			buildConfigurationList = 6F842DEE29C64E3F00DBBC7B /* Build configuration list for PBXNativeTarget "ListenbrainzTests" */;
			buildPhases = (
				6F842DD329C64E3F00DBBC7B /* Sources */,
				6F842DD429C64E3F00DBBC7B /* Frameworks */,
				6F842DD529C64E3F00DBBC7B /* Resources */,
			);
			buildRules = (
			);
			dependencies = (
				6F842DD929C64E3F00DBBC7B /* PBXTargetDependency */,
			);
			name = ListenbrainzTests;
			productName = ListenbrainzTests;
			productReference = 6F842DD729C64E3F00DBBC7B /* ListenbrainzTests.xctest */;
			productType = "com.apple.product-type.bundle.unit-test";
		};
		6F842DE029C64E3F00DBBC7B /* ListenbrainzUITests */ = {
			isa = PBXNativeTarget;
			buildConfigurationList = 6F842DF129C64E3F00DBBC7B /* Build configuration list for PBXNativeTarget "ListenbrainzUITests" */;
			buildPhases = (
				6F842DDD29C64E3F00DBBC7B /* Sources */,
				6F842DDE29C64E3F00DBBC7B /* Frameworks */,
				6F842DDF29C64E3F00DBBC7B /* Resources */,
			);
			buildRules = (
			);
			dependencies = (
				6F842DE329C64E3F00DBBC7B /* PBXTargetDependency */,
			);
			name = ListenbrainzUITests;
			productName = ListenbrainzUITests;
			productReference = 6F842DE129C64E3F00DBBC7B /* ListenbrainzUITests.xctest */;
			productType = "com.apple.product-type.bundle.ui-testing";
		};
/* End PBXNativeTarget section */

/* Begin PBXProject section */
		6F842DBF29C64E3E00DBBC7B /* Project object */ = {
			isa = PBXProject;
			attributes = {
				BuildIndependentTargetsInParallel = 1;
				LastSwiftUpdateCheck = 1420;
				LastUpgradeCheck = 1520;
				TargetAttributes = {
					6F842DC629C64E3E00DBBC7B = {
						CreatedOnToolsVersion = 14.2;
					};
					6F842DD629C64E3F00DBBC7B = {
						CreatedOnToolsVersion = 14.2;
						TestTargetID = 6F842DC629C64E3E00DBBC7B;
					};
					6F842DE029C64E3F00DBBC7B = {
						CreatedOnToolsVersion = 14.2;
						TestTargetID = 6F842DC629C64E3E00DBBC7B;
					};
				};
			};
			buildConfigurationList = 6F842DC229C64E3E00DBBC7B /* Build configuration list for PBXProject "Listenbrainz" */;
			compatibilityVersion = "Xcode 14.0";
			developmentRegion = en;
			hasScannedForEncodings = 0;
			knownRegions = (
				en,
				Base,
			);
			mainGroup = 6F842DBE29C64E3E00DBBC7B;
			packageReferences = (
				6F842DF429C64EF200DBBC7B /* XCRemoteSwiftPackageReference "ios-sdk" */,
				BB05864F2A2503E600744FF0 /* XCRemoteSwiftPackageReference "Alamofire" */,
			);
			productRefGroup = 6F842DC829C64E3E00DBBC7B /* Products */;
			projectDirPath = "";
			projectRoot = "";
			targets = (
				6F842DC629C64E3E00DBBC7B /* Listenbrainz */,
				6F842DD629C64E3F00DBBC7B /* ListenbrainzTests */,
				6F842DE029C64E3F00DBBC7B /* ListenbrainzUITests */,
			);
		};
/* End PBXProject section */

/* Begin PBXResourcesBuildPhase section */
		6F842DC529C64E3E00DBBC7B /* Resources */ = {
			isa = PBXResourcesBuildPhase;
			buildActionMask = 2147483647;
			files = (
				6F842DCF29C64E3F00DBBC7B /* Assets.xcassets in Resources */,
			);
			runOnlyForDeploymentPostprocessing = 0;
		};
		6F842DD529C64E3F00DBBC7B /* Resources */ = {
			isa = PBXResourcesBuildPhase;
			buildActionMask = 2147483647;
			files = (
			);
			runOnlyForDeploymentPostprocessing = 0;
		};
		6F842DDF29C64E3F00DBBC7B /* Resources */ = {
			isa = PBXResourcesBuildPhase;
			buildActionMask = 2147483647;
			files = (
			);
			runOnlyForDeploymentPostprocessing = 0;
		};
/* End PBXResourcesBuildPhase section */

/* Begin PBXSourcesBuildPhase section */
		6F842DC329C64E3E00DBBC7B /* Sources */ = {
			isa = PBXSourcesBuildPhase;
			buildActionMask = 2147483647;
			files = (
				BB086C6F2AA6FDE0000A8720 /* EventDescriptionView.swift in Sources */,
				BBC5C7DC2B4FF048000A5EB1 /* ListeningChartView.swift in Sources */,
				BBD28DD72A2F9E0A00AD57C6 /* Listen.swift in Sources */,
				BB66C1FD2A9F3EEF00BB4CBA /* FeedView.swift in Sources */,
				BB4DF0B82C0E03D100E7B55A /* SearchViewModel.swift in Sources */,
				BBD20D5B2A3C7D57007C0C71 /* SettingsView.swift in Sources */,
				BBFC06772C1EE49000668E90 /* SearchRepository.swift in Sources */,
				BBC5C7D62B4FF031000A5EB1 /* StatsTitleView.swift in Sources */,
				BB13BDA32C6A44B000807896 /* TopArtists.swift in Sources */,
				BB086C6D2AA6FDD3000A8720 /* EventImageView.swift in Sources */,
				BBD28DE12A2F9EB900AD57C6 /* Track.swift in Sources */,
				BB66C2032A9F3F8700BB4CBA /* Event.swift in Sources */,
				BBC5C7D12B4FEEFC000A5EB1 /* TopRecordingsView.swift in Sources */,
				BBC5C7B72B4FE888000A5EB1 /* TopArtistElement.swift in Sources */,
				BB46AC762C6A2E24003BE1FC /* StatisticsView.swift in Sources */,
				BB09C7C12B0BEB5C00BCF5A9 /* TopBar.swift in Sources */,
				BB4DF0BC2C0E040000E7B55A /* SearchUsersView.swift in Sources */,
				6F842DF929C6509300DBBC7B /* SpotifyManager.swift in Sources */,
				BBC5C7E22B4FF0EE000A5EB1 /* MusicBuddiesView.swift in Sources */,
				BBC5C7D82B4FF037000A5EB1 /* StatsView.swift in Sources */,
				BBC334532C46EF3F00A72E07 /* DashboardRepositoryImpl.swift in Sources */,
				6F85B9632B56B23500DBD65F /* AdaptiveImage.swift in Sources */,
				BB66C20B2AA0F5AD00BB4CBA /* FeedTrackMetadata.swift in Sources */,
				BB59E7ED2C208A8000C8540F /* CustomSearchBar.swift in Sources */,
				BB2A4F5329EB48BE006933BC /* ContentView.swift in Sources */,
				BBD28DDF2A2F9EA300AD57C6 /* ArtistElement.swift in Sources */,
				BBFC06742C1EE2F700668E90 /* UserProfileView.swift in Sources */,
				BBD28DD52A2F9DDC00AD57C6 /* ListensPayload.swift in Sources */,
				BB519BAB2B15E72F00766F01 /* OnBoardingView.swift in Sources */,
				BB13BD9E2C6A361800807896 /* ListeningActivity.swift in Sources */,
				BBC5C7CB2B4FEE9D000A5EB1 /* BottomYimView.swift in Sources */,
				BB66C20D2AA0F5DE00BB4CBA /* FeedAdditionalInfo.swift in Sources */,
				BB4DF0BA2C0E03E300E7B55A /* SearchUser.swift in Sources */,
				BB5282162C32F9CC00743A60 /* PersonallyRecommendView.swift in Sources */,
				BBD28DDD2A2F9E8B00AD57C6 /* ListensMbidMapping.swift in Sources */,
				BBFC06792C1EE49C00668E90 /* SearchRepositoryImpl.swift in Sources */,
				BBE975B12A67FACD000908B1 /* MediaItemView.swift in Sources */,
				BBC5C7C12B4FE8F7000A5EB1 /* TopDiscoveries.swift in Sources */,
				BBC334562C46EF6200A72E07 /* DashboardViewModel.swift in Sources */,
				BBE975B32A67FAF3000908B1 /* ShazamViewModel.swift in Sources */,
				BBD28DD92A2F9E2E00AD57C6 /* ListensTrackMetadata.swift in Sources */,
				BB66C2012A9F3F0900BB4CBA /* FeedRepositoryImpl.swift in Sources */,
				BB8305BE2C79EC5F00A61411 /* CreatedForYouPlaylist.swift in Sources */,
				BBC5C7BD2B4FE8C0000A5EB1 /* TopRecording.swift in Sources */,
				6F842DCD29C64E3E00DBBC7B /* ListensView.swift in Sources */,
				BB8843AB2C72BE9E00779ACC /* CapsuleBarView.swift in Sources */,
				BB88439C2C7245C100779ACC /* Taste.swift in Sources */,
				BBC5C7CD2B4FEEC7000A5EB1 /* TopAlbumsGridView.swift in Sources */,
				BB66C2112AA0F6C500BB4CBA /* ListensArtist.swift in Sources */,
				BB31ADBF2C6A05E100D25CCA /* ListensStatsView.swift in Sources */,
				BB66C1FB2A9F3EE700BB4CBA /* FeedViewModel.swift in Sources */,
				BB13BDA92C6A5A1D00807896 /* DailyActivity.swift in Sources */,
				BBC5C7BF2B4FE8D3000A5EB1 /* TopReleaseGroup.swift in Sources */,
				BBC5C7B92B4FE89E000A5EB1 /* NewRelasesOfTopArtist.swift in Sources */,
				BBC5C7E82B512ECD000A5EB1 /* DiscoverTitleView.swift in Sources */,
				BB66C2052A9F3FD500BB4CBA /* Metadata.swift in Sources */,
				BBD28DD32A2F9DC400AD57C6 /* FeedArtist.swift in Sources */,
				BBC5E6142C3BC6E30046DDD9 /* WriteAReviewView.swift in Sources */,
				BBC5C7CF2B4FEEDD000A5EB1 /* TopAlbumsView.swift in Sources */,
				BBC334512C46EF3300A72E07 /* DashboardRepository.swift in Sources */,
				BB0586532A25042C00744FF0 /* HomeViewModel.swift in Sources */,
				BB8843A22C72821A00779ACC /* Playlist.swift in Sources */,
				BBC7CA642C60DC2F00470944 /* Count.swift in Sources */,
				6F155CAA2B08E32A005FE042 /* Extensions.swift in Sources */,
				BB5282182C33125B00743A60 /* CentralModalView.swift in Sources */,
				BBC5C7B32B4FE861000A5EB1 /* DataClass.swift in Sources */,
				BBC5C7D32B4FEF1E000A5EB1 /* TopArtistsView.swift in Sources */,
				BBC5C7C92B4FEE95000A5EB1 /* TopYimView.swift in Sources */,
				BB05865A2A25052600744FF0 /* HomeRepository.swift in Sources */,
				6F3D51C02B556D930077BAD9 /* AppEnvironment.swift in Sources */,
				BBC5C7B52B4FE875000A5EB1 /* ListensPerDay.swift in Sources */,
				BB8843A42C72843000779ACC /* CreatedForView.swift in Sources */,
				BB6FF5812B52D3B40057F8C1 /* ExploreView.swift in Sources */,
				BBC5C7E42B4FF11C000A5EB1 /* NewReleasesView.swift in Sources */,
				BBD28DD12A2F9D9B00AD57C6 /* FeedAlbum.swift in Sources */,
				BB086C712AA6FDE9000A8720 /* TrackInfoView.swift in Sources */,
				BB8843A92C72BE7F00779ACC /* PinsView.swift in Sources */,
				BBC7CA662C60E29D00470944 /* Followers.swift in Sources */,
				BBC7CA682C60E2DA00470944 /* Following.swift in Sources */,
				BBC5C7EA2B512F85000A5EB1 /* PlaylistsTitleView.swift in Sources */,
				BB66C20F2AA0F63800BB4CBA /* FeedMbidMapping.swift in Sources */,
				BB2A4F5929EB48ED006933BC /* PlayerView.swift in Sources */,
				BB66C1FF2A9F3EFD00BB4CBA /* FeedRepository.swift in Sources */,
				BB05864E2A25034200744FF0 /* SongDetailView.swift in Sources */,
				BB66C2092AA0F56600BB4CBA /* FeedPayload.swift in Sources */,
				BBC5C7DF2B4FF09E000A5EB1 /* TopDiscoveriesView.swift in Sources */,
				BBC5C7BB2B4FE8AE000A5EB1 /* TopGenre.swift in Sources */,
				BBC5C7AC2B4FE80C000A5EB1 /* YimRepositoryImpl.swift in Sources */,
				BB2A4F5529EB48CC006933BC /* HomeView.swift in Sources */,
				BBE9630E2B0560FC00AA4219 /* BrainzPlayerMetadata.swift in Sources */,
				6F842DCB29C64E3E00DBBC7B /* ListenbrainzApp.swift in Sources */,
				BB7833642B3F2DB3005D7266 /* ImageLoader.swift in Sources */,
				BBC5C7AA2B4FE801000A5EB1 /* YimRepository.swift in Sources */,
				BBC5C7E62B4FF1B8000A5EB1 /* MainView.swift in Sources */,
				BB13BDA52C6A44BE00807896 /* TopAlbums.swift in Sources */,
				BB8843A02C72815A00779ACC /* PlaylistsView.swift in Sources */,
				BB0586572A2504AD00744FF0 /* Listens.swift in Sources */,
				BBC5C7DA2B4FF03F000A5EB1 /* HeatMapScreenView.swift in Sources */,
				BB5282142C32D86E00743A60 /* PinTrackView.swift in Sources */,
				BB88439E2C72656D00779ACC /* Pins.swift in Sources */,
				BB519BAD2B1DE78200766F01 /* WelcomeView.swift in Sources */,
				BB519BAF2B1DE95E00766F01 /* UserDetailsView.swift in Sources */,
				BB2A4F5729EB48DF006933BC /* ProfileView.swift in Sources */,
				BBE25E992C3FFCBA009C7B65 /* FeedHelper.swift in Sources */,
				BB46AC782C6A2E2B003BE1FC /* TasteView.swift in Sources */,
				BBC5C7B12B4FE83D000A5EB1 /* YimData.swift in Sources */,
				BBC5C7EC2B51311A000A5EB1 /* YimLastView.swift in Sources */,
				BBD28DDB2A2F9E5400AD57C6 /* ListensAdditionalInfo.swift in Sources */,
				6F842DFB29C650A600DBBC7B /* Constants.swift in Sources */,
				6F3D51C22B556DB80077BAD9 /* BuildConfiguration.swift in Sources */,
				BB13BDA72C6A44CB00807896 /* TopTracks.swift in Sources */,
				BBC5C7C42B4FEE53000A5EB1 /* YimLandingView.swift in Sources */,
				BB05865C2A25053600744FF0 /* HomeRepositoryImpl.swift in Sources */,
				BB8843A62C7284DF00779ACC /* CreatedForYou.swift in Sources */,
				BBC5C7C72B4FEE86000A5EB1 /* ChartsTitleView.swift in Sources */,
				BBC5C7AE2B4FE817000A5EB1 /* YimViewModel.swift in Sources */,
				BBB115792B57A879004E157E /* TopMissedRecordingsView.swift in Sources */,
			);
			runOnlyForDeploymentPostprocessing = 0;
		};
		6F842DD329C64E3F00DBBC7B /* Sources */ = {
			isa = PBXSourcesBuildPhase;
			buildActionMask = 2147483647;
			files = (
				6F842DDC29C64E3F00DBBC7B /* ListenbrainzTests.swift in Sources */,
			);
			runOnlyForDeploymentPostprocessing = 0;
		};
		6F842DDD29C64E3F00DBBC7B /* Sources */ = {
			isa = PBXSourcesBuildPhase;
			buildActionMask = 2147483647;
			files = (
				6F842DE629C64E3F00DBBC7B /* ListenbrainzUITests.swift in Sources */,
				6F842DE829C64E3F00DBBC7B /* ListenbrainzUITestsLaunchTests.swift in Sources */,
			);
			runOnlyForDeploymentPostprocessing = 0;
		};
/* End PBXSourcesBuildPhase section */

/* Begin PBXTargetDependency section */
		6F842DD929C64E3F00DBBC7B /* PBXTargetDependency */ = {
			isa = PBXTargetDependency;
			target = 6F842DC629C64E3E00DBBC7B /* Listenbrainz */;
			targetProxy = 6F842DD829C64E3F00DBBC7B /* PBXContainerItemProxy */;
		};
		6F842DE329C64E3F00DBBC7B /* PBXTargetDependency */ = {
			isa = PBXTargetDependency;
			target = 6F842DC629C64E3E00DBBC7B /* Listenbrainz */;
			targetProxy = 6F842DE229C64E3F00DBBC7B /* PBXContainerItemProxy */;
		};
/* End PBXTargetDependency section */

/* Begin XCBuildConfiguration section */
		6F3D51C72B56809A0077BAD9 /* Beta */ = {
			isa = XCBuildConfiguration;
			buildSettings = {
				ALWAYS_SEARCH_USER_PATHS = NO;
				ASSETCATALOG_COMPILER_GENERATE_SWIFT_ASSET_SYMBOL_EXTENSIONS = YES;
				CLANG_ANALYZER_NONNULL = YES;
				CLANG_ANALYZER_NUMBER_OBJECT_CONVERSION = YES_AGGRESSIVE;
				CLANG_CXX_LANGUAGE_STANDARD = "gnu++20";
				CLANG_ENABLE_MODULES = YES;
				CLANG_ENABLE_OBJC_ARC = YES;
				CLANG_ENABLE_OBJC_WEAK = YES;
				CLANG_WARN_BLOCK_CAPTURE_AUTORELEASING = YES;
				CLANG_WARN_BOOL_CONVERSION = YES;
				CLANG_WARN_COMMA = YES;
				CLANG_WARN_CONSTANT_CONVERSION = YES;
				CLANG_WARN_DEPRECATED_OBJC_IMPLEMENTATIONS = YES;
				CLANG_WARN_DIRECT_OBJC_ISA_USAGE = YES_ERROR;
				CLANG_WARN_DOCUMENTATION_COMMENTS = YES;
				CLANG_WARN_EMPTY_BODY = YES;
				CLANG_WARN_ENUM_CONVERSION = YES;
				CLANG_WARN_INFINITE_RECURSION = YES;
				CLANG_WARN_INT_CONVERSION = YES;
				CLANG_WARN_NON_LITERAL_NULL_CONVERSION = YES;
				CLANG_WARN_OBJC_IMPLICIT_RETAIN_SELF = YES;
				CLANG_WARN_OBJC_LITERAL_CONVERSION = YES;
				CLANG_WARN_OBJC_ROOT_CLASS = YES_ERROR;
				CLANG_WARN_QUOTED_INCLUDE_IN_FRAMEWORK_HEADER = YES;
				CLANG_WARN_RANGE_LOOP_ANALYSIS = YES;
				CLANG_WARN_STRICT_PROTOTYPES = YES;
				CLANG_WARN_SUSPICIOUS_MOVE = YES;
				CLANG_WARN_UNGUARDED_AVAILABILITY = YES_AGGRESSIVE;
				CLANG_WARN_UNREACHABLE_CODE = YES;
				CLANG_WARN__DUPLICATE_METHOD_MATCH = YES;
				COPY_PHASE_STRIP = NO;
				DEBUG_INFORMATION_FORMAT = "dwarf-with-dsym";
				ENABLE_NS_ASSERTIONS = NO;
				ENABLE_STRICT_OBJC_MSGSEND = YES;
				ENABLE_USER_SCRIPT_SANDBOXING = YES;
				GCC_C_LANGUAGE_STANDARD = gnu11;
				GCC_NO_COMMON_BLOCKS = YES;
				GCC_WARN_64_TO_32_BIT_CONVERSION = YES;
				GCC_WARN_ABOUT_RETURN_TYPE = YES_ERROR;
				GCC_WARN_UNDECLARED_SELECTOR = YES;
				GCC_WARN_UNINITIALIZED_AUTOS = YES_AGGRESSIVE;
				GCC_WARN_UNUSED_FUNCTION = YES;
				GCC_WARN_UNUSED_VARIABLE = YES;
				IPHONEOS_DEPLOYMENT_TARGET = 16.2;
				MTL_ENABLE_DEBUG_INFO = NO;
				MTL_FAST_MATH = YES;
				SDKROOT = iphoneos;
				SWIFT_COMPILATION_MODE = wholemodule;
				SWIFT_OPTIMIZATION_LEVEL = "-O";
				VALIDATE_PRODUCT = YES;
			};
			name = Beta;
		};
		6F3D51C82B56809A0077BAD9 /* Beta */ = {
			isa = XCBuildConfiguration;
			buildSettings = {
				ASSETCATALOG_COMPILER_APPICON_NAME = AppIcon;
				ASSETCATALOG_COMPILER_GLOBAL_ACCENT_COLOR_NAME = AccentColor;
				CODE_SIGN_ENTITLEMENTS = Listenbrainz/Resources/Listenbrainz.entitlements;
				CODE_SIGN_STYLE = Automatic;
				CURRENT_PROJECT_VERSION = 1;
				DEVELOPMENT_ASSET_PATHS = "";
				DEVELOPMENT_TEAM = 8D89TSJ88H;
				ENABLE_PREVIEWS = YES;
				GENERATE_INFOPLIST_FILE = YES;
				INFOPLIST_FILE = Listenbrainz/Resources/Info.plist;
				INFOPLIST_KEY_CFBundleDisplayName = "ListenBrainz Beta";
				INFOPLIST_KEY_LSApplicationCategoryType = "public.app-category.music";
				INFOPLIST_KEY_NSMicrophoneUsageDescription = Shazam;
				INFOPLIST_KEY_UIApplicationSupportsIndirectInputEvents = YES;
				INFOPLIST_KEY_UILaunchScreen_Generation = YES;
				INFOPLIST_KEY_UISupportedInterfaceOrientations_iPad = "UIInterfaceOrientationPortrait UIInterfaceOrientationPortraitUpsideDown UIInterfaceOrientationLandscapeLeft UIInterfaceOrientationLandscapeRight";
				INFOPLIST_KEY_UISupportedInterfaceOrientations_iPhone = "UIInterfaceOrientationPortrait UIInterfaceOrientationLandscapeLeft UIInterfaceOrientationLandscapeRight";
				LD_RUNPATH_SEARCH_PATHS = (
					"$(inherited)",
					"@executable_path/Frameworks",
				);
				MARKETING_VERSION = 1.0.0;
				PRODUCT_BUNDLE_IDENTIFIER = org.listenbrainz.ios;
				PRODUCT_NAME = "$(TARGET_NAME)";
				SWIFT_EMIT_LOC_STRINGS = YES;
				SWIFT_VERSION = 5.0;
				TARGETED_DEVICE_FAMILY = "1,2";
			};
			name = Beta;
		};
		6F3D51C92B56809A0077BAD9 /* Beta */ = {
			isa = XCBuildConfiguration;
			buildSettings = {
				ALWAYS_EMBED_SWIFT_STANDARD_LIBRARIES = YES;
				BUNDLE_LOADER = "$(TEST_HOST)";
				CODE_SIGN_STYLE = Automatic;
				CURRENT_PROJECT_VERSION = 1;
				DEVELOPMENT_TEAM = 8D89TSJ88H;
				GENERATE_INFOPLIST_FILE = YES;
				IPHONEOS_DEPLOYMENT_TARGET = 16.2;
				MARKETING_VERSION = 1.0;
				PRODUCT_BUNDLE_IDENTIFIER = org.metabrainz.ListenbrainzTests;
				PRODUCT_NAME = "$(TARGET_NAME)";
				SUPPORTED_PLATFORMS = "iphoneos iphonesimulator";
				SUPPORTS_MACCATALYST = NO;
				SWIFT_EMIT_LOC_STRINGS = NO;
				SWIFT_VERSION = 5.0;
				TARGETED_DEVICE_FAMILY = "1,2";
				TEST_HOST = "$(BUILT_PRODUCTS_DIR)/Listenbrainz.app/$(BUNDLE_EXECUTABLE_FOLDER_PATH)/Listenbrainz";
			};
			name = Beta;
		};
		6F3D51CA2B56809A0077BAD9 /* Beta */ = {
			isa = XCBuildConfiguration;
			buildSettings = {
				ALWAYS_EMBED_SWIFT_STANDARD_LIBRARIES = YES;
				CODE_SIGN_STYLE = Automatic;
				CURRENT_PROJECT_VERSION = 1;
				DEVELOPMENT_TEAM = 8D89TSJ88H;
				GENERATE_INFOPLIST_FILE = YES;
				MARKETING_VERSION = 1.0;
				PRODUCT_BUNDLE_IDENTIFIER = org.metabrainz.ListenbrainzUITests;
				PRODUCT_NAME = "$(TARGET_NAME)";
				SUPPORTED_PLATFORMS = "iphoneos iphonesimulator";
				SUPPORTS_MACCATALYST = NO;
				SWIFT_EMIT_LOC_STRINGS = NO;
				SWIFT_VERSION = 5.0;
				TARGETED_DEVICE_FAMILY = "1,2";
				TEST_TARGET_NAME = Listenbrainz;
			};
			name = Beta;
		};
		6F3D51CB2B5680A00077BAD9 /* QA */ = {
			isa = XCBuildConfiguration;
			buildSettings = {
				ALWAYS_SEARCH_USER_PATHS = NO;
				ASSETCATALOG_COMPILER_GENERATE_SWIFT_ASSET_SYMBOL_EXTENSIONS = YES;
				CLANG_ANALYZER_NONNULL = YES;
				CLANG_ANALYZER_NUMBER_OBJECT_CONVERSION = YES_AGGRESSIVE;
				CLANG_CXX_LANGUAGE_STANDARD = "gnu++20";
				CLANG_ENABLE_MODULES = YES;
				CLANG_ENABLE_OBJC_ARC = YES;
				CLANG_ENABLE_OBJC_WEAK = YES;
				CLANG_WARN_BLOCK_CAPTURE_AUTORELEASING = YES;
				CLANG_WARN_BOOL_CONVERSION = YES;
				CLANG_WARN_COMMA = YES;
				CLANG_WARN_CONSTANT_CONVERSION = YES;
				CLANG_WARN_DEPRECATED_OBJC_IMPLEMENTATIONS = YES;
				CLANG_WARN_DIRECT_OBJC_ISA_USAGE = YES_ERROR;
				CLANG_WARN_DOCUMENTATION_COMMENTS = YES;
				CLANG_WARN_EMPTY_BODY = YES;
				CLANG_WARN_ENUM_CONVERSION = YES;
				CLANG_WARN_INFINITE_RECURSION = YES;
				CLANG_WARN_INT_CONVERSION = YES;
				CLANG_WARN_NON_LITERAL_NULL_CONVERSION = YES;
				CLANG_WARN_OBJC_IMPLICIT_RETAIN_SELF = YES;
				CLANG_WARN_OBJC_LITERAL_CONVERSION = YES;
				CLANG_WARN_OBJC_ROOT_CLASS = YES_ERROR;
				CLANG_WARN_QUOTED_INCLUDE_IN_FRAMEWORK_HEADER = YES;
				CLANG_WARN_RANGE_LOOP_ANALYSIS = YES;
				CLANG_WARN_STRICT_PROTOTYPES = YES;
				CLANG_WARN_SUSPICIOUS_MOVE = YES;
				CLANG_WARN_UNGUARDED_AVAILABILITY = YES_AGGRESSIVE;
				CLANG_WARN_UNREACHABLE_CODE = YES;
				CLANG_WARN__DUPLICATE_METHOD_MATCH = YES;
				COPY_PHASE_STRIP = NO;
				DEBUG_INFORMATION_FORMAT = "dwarf-with-dsym";
				ENABLE_NS_ASSERTIONS = NO;
				ENABLE_STRICT_OBJC_MSGSEND = YES;
				ENABLE_USER_SCRIPT_SANDBOXING = YES;
				GCC_C_LANGUAGE_STANDARD = gnu11;
				GCC_NO_COMMON_BLOCKS = YES;
				GCC_WARN_64_TO_32_BIT_CONVERSION = YES;
				GCC_WARN_ABOUT_RETURN_TYPE = YES_ERROR;
				GCC_WARN_UNDECLARED_SELECTOR = YES;
				GCC_WARN_UNINITIALIZED_AUTOS = YES_AGGRESSIVE;
				GCC_WARN_UNUSED_FUNCTION = YES;
				GCC_WARN_UNUSED_VARIABLE = YES;
				IPHONEOS_DEPLOYMENT_TARGET = 16.2;
				MTL_ENABLE_DEBUG_INFO = NO;
				MTL_FAST_MATH = YES;
				SDKROOT = iphoneos;
				SWIFT_COMPILATION_MODE = wholemodule;
				SWIFT_OPTIMIZATION_LEVEL = "-O";
				VALIDATE_PRODUCT = YES;
			};
			name = QA;
		};
		6F3D51CC2B5680A00077BAD9 /* QA */ = {
			isa = XCBuildConfiguration;
			buildSettings = {
				ASSETCATALOG_COMPILER_APPICON_NAME = AppIcon;
				ASSETCATALOG_COMPILER_GLOBAL_ACCENT_COLOR_NAME = AccentColor;
				CODE_SIGN_ENTITLEMENTS = Listenbrainz/Resources/Listenbrainz.entitlements;
				CODE_SIGN_STYLE = Automatic;
				CURRENT_PROJECT_VERSION = 1;
				DEVELOPMENT_ASSET_PATHS = "";
				DEVELOPMENT_TEAM = 8D89TSJ88H;
				ENABLE_PREVIEWS = YES;
				GENERATE_INFOPLIST_FILE = YES;
				INFOPLIST_FILE = Listenbrainz/Resources/Info.plist;
				INFOPLIST_KEY_CFBundleDisplayName = "ListenBrainz QA";
				INFOPLIST_KEY_LSApplicationCategoryType = "public.app-category.music";
				INFOPLIST_KEY_NSMicrophoneUsageDescription = Shazam;
				INFOPLIST_KEY_UIApplicationSupportsIndirectInputEvents = YES;
				INFOPLIST_KEY_UILaunchScreen_Generation = YES;
				INFOPLIST_KEY_UISupportedInterfaceOrientations_iPad = "UIInterfaceOrientationPortrait UIInterfaceOrientationPortraitUpsideDown UIInterfaceOrientationLandscapeLeft UIInterfaceOrientationLandscapeRight";
				INFOPLIST_KEY_UISupportedInterfaceOrientations_iPhone = "UIInterfaceOrientationPortrait UIInterfaceOrientationLandscapeLeft UIInterfaceOrientationLandscapeRight";
				LD_RUNPATH_SEARCH_PATHS = (
					"$(inherited)",
					"@executable_path/Frameworks",
				);
				MARKETING_VERSION = 1.0.0;
				PRODUCT_BUNDLE_IDENTIFIER = org.listenbrainz.ios;
				PRODUCT_NAME = "$(TARGET_NAME)";
				SWIFT_EMIT_LOC_STRINGS = YES;
				SWIFT_VERSION = 5.0;
				TARGETED_DEVICE_FAMILY = "1,2";
			};
			name = QA;
		};
		6F3D51CD2B5680A00077BAD9 /* QA */ = {
			isa = XCBuildConfiguration;
			buildSettings = {
				ALWAYS_EMBED_SWIFT_STANDARD_LIBRARIES = YES;
				BUNDLE_LOADER = "$(TEST_HOST)";
				CODE_SIGN_STYLE = Automatic;
				CURRENT_PROJECT_VERSION = 1;
				DEVELOPMENT_TEAM = 8D89TSJ88H;
				GENERATE_INFOPLIST_FILE = YES;
				IPHONEOS_DEPLOYMENT_TARGET = 16.2;
				MARKETING_VERSION = 1.0;
				PRODUCT_BUNDLE_IDENTIFIER = org.metabrainz.ListenbrainzTests;
				PRODUCT_NAME = "$(TARGET_NAME)";
				SUPPORTED_PLATFORMS = "iphoneos iphonesimulator";
				SUPPORTS_MACCATALYST = NO;
				SWIFT_EMIT_LOC_STRINGS = NO;
				SWIFT_VERSION = 5.0;
				TARGETED_DEVICE_FAMILY = "1,2";
				TEST_HOST = "$(BUILT_PRODUCTS_DIR)/Listenbrainz.app/$(BUNDLE_EXECUTABLE_FOLDER_PATH)/Listenbrainz";
			};
			name = QA;
		};
		6F3D51CE2B5680A00077BAD9 /* QA */ = {
			isa = XCBuildConfiguration;
			buildSettings = {
				ALWAYS_EMBED_SWIFT_STANDARD_LIBRARIES = YES;
				CODE_SIGN_STYLE = Automatic;
				CURRENT_PROJECT_VERSION = 1;
				DEVELOPMENT_TEAM = 8D89TSJ88H;
				GENERATE_INFOPLIST_FILE = YES;
				MARKETING_VERSION = 1.0;
				PRODUCT_BUNDLE_IDENTIFIER = org.metabrainz.ListenbrainzUITests;
				PRODUCT_NAME = "$(TARGET_NAME)";
				SUPPORTED_PLATFORMS = "iphoneos iphonesimulator";
				SUPPORTS_MACCATALYST = NO;
				SWIFT_EMIT_LOC_STRINGS = NO;
				SWIFT_VERSION = 5.0;
				TARGETED_DEVICE_FAMILY = "1,2";
				TEST_TARGET_NAME = Listenbrainz;
			};
			name = QA;
		};
		6F842DE929C64E3F00DBBC7B /* Debug */ = {
			isa = XCBuildConfiguration;
			buildSettings = {
				ALWAYS_SEARCH_USER_PATHS = NO;
				ASSETCATALOG_COMPILER_GENERATE_SWIFT_ASSET_SYMBOL_EXTENSIONS = YES;
				CLANG_ANALYZER_NONNULL = YES;
				CLANG_ANALYZER_NUMBER_OBJECT_CONVERSION = YES_AGGRESSIVE;
				CLANG_CXX_LANGUAGE_STANDARD = "gnu++20";
				CLANG_ENABLE_MODULES = YES;
				CLANG_ENABLE_OBJC_ARC = YES;
				CLANG_ENABLE_OBJC_WEAK = YES;
				CLANG_WARN_BLOCK_CAPTURE_AUTORELEASING = YES;
				CLANG_WARN_BOOL_CONVERSION = YES;
				CLANG_WARN_COMMA = YES;
				CLANG_WARN_CONSTANT_CONVERSION = YES;
				CLANG_WARN_DEPRECATED_OBJC_IMPLEMENTATIONS = YES;
				CLANG_WARN_DIRECT_OBJC_ISA_USAGE = YES_ERROR;
				CLANG_WARN_DOCUMENTATION_COMMENTS = YES;
				CLANG_WARN_EMPTY_BODY = YES;
				CLANG_WARN_ENUM_CONVERSION = YES;
				CLANG_WARN_INFINITE_RECURSION = YES;
				CLANG_WARN_INT_CONVERSION = YES;
				CLANG_WARN_NON_LITERAL_NULL_CONVERSION = YES;
				CLANG_WARN_OBJC_IMPLICIT_RETAIN_SELF = YES;
				CLANG_WARN_OBJC_LITERAL_CONVERSION = YES;
				CLANG_WARN_OBJC_ROOT_CLASS = YES_ERROR;
				CLANG_WARN_QUOTED_INCLUDE_IN_FRAMEWORK_HEADER = YES;
				CLANG_WARN_RANGE_LOOP_ANALYSIS = YES;
				CLANG_WARN_STRICT_PROTOTYPES = YES;
				CLANG_WARN_SUSPICIOUS_MOVE = YES;
				CLANG_WARN_UNGUARDED_AVAILABILITY = YES_AGGRESSIVE;
				CLANG_WARN_UNREACHABLE_CODE = YES;
				CLANG_WARN__DUPLICATE_METHOD_MATCH = YES;
				COPY_PHASE_STRIP = NO;
				DEBUG_INFORMATION_FORMAT = dwarf;
				ENABLE_STRICT_OBJC_MSGSEND = YES;
				ENABLE_TESTABILITY = YES;
				ENABLE_USER_SCRIPT_SANDBOXING = YES;
				GCC_C_LANGUAGE_STANDARD = gnu11;
				GCC_DYNAMIC_NO_PIC = NO;
				GCC_NO_COMMON_BLOCKS = YES;
				GCC_OPTIMIZATION_LEVEL = 0;
				GCC_PREPROCESSOR_DEFINITIONS = (
					"DEBUG=1",
					"$(inherited)",
				);
				GCC_WARN_64_TO_32_BIT_CONVERSION = YES;
				GCC_WARN_ABOUT_RETURN_TYPE = YES_ERROR;
				GCC_WARN_UNDECLARED_SELECTOR = YES;
				GCC_WARN_UNINITIALIZED_AUTOS = YES_AGGRESSIVE;
				GCC_WARN_UNUSED_FUNCTION = YES;
				GCC_WARN_UNUSED_VARIABLE = YES;
				IPHONEOS_DEPLOYMENT_TARGET = 16.2;
				MTL_ENABLE_DEBUG_INFO = INCLUDE_SOURCE;
				MTL_FAST_MATH = YES;
				ONLY_ACTIVE_ARCH = YES;
				SDKROOT = iphoneos;
				SWIFT_ACTIVE_COMPILATION_CONDITIONS = DEBUG;
				SWIFT_OPTIMIZATION_LEVEL = "-Onone";
			};
			name = Debug;
		};
		6F842DEA29C64E3F00DBBC7B /* Release */ = {
			isa = XCBuildConfiguration;
			buildSettings = {
				ALWAYS_SEARCH_USER_PATHS = NO;
				ASSETCATALOG_COMPILER_GENERATE_SWIFT_ASSET_SYMBOL_EXTENSIONS = YES;
				CLANG_ANALYZER_NONNULL = YES;
				CLANG_ANALYZER_NUMBER_OBJECT_CONVERSION = YES_AGGRESSIVE;
				CLANG_CXX_LANGUAGE_STANDARD = "gnu++20";
				CLANG_ENABLE_MODULES = YES;
				CLANG_ENABLE_OBJC_ARC = YES;
				CLANG_ENABLE_OBJC_WEAK = YES;
				CLANG_WARN_BLOCK_CAPTURE_AUTORELEASING = YES;
				CLANG_WARN_BOOL_CONVERSION = YES;
				CLANG_WARN_COMMA = YES;
				CLANG_WARN_CONSTANT_CONVERSION = YES;
				CLANG_WARN_DEPRECATED_OBJC_IMPLEMENTATIONS = YES;
				CLANG_WARN_DIRECT_OBJC_ISA_USAGE = YES_ERROR;
				CLANG_WARN_DOCUMENTATION_COMMENTS = YES;
				CLANG_WARN_EMPTY_BODY = YES;
				CLANG_WARN_ENUM_CONVERSION = YES;
				CLANG_WARN_INFINITE_RECURSION = YES;
				CLANG_WARN_INT_CONVERSION = YES;
				CLANG_WARN_NON_LITERAL_NULL_CONVERSION = YES;
				CLANG_WARN_OBJC_IMPLICIT_RETAIN_SELF = YES;
				CLANG_WARN_OBJC_LITERAL_CONVERSION = YES;
				CLANG_WARN_OBJC_ROOT_CLASS = YES_ERROR;
				CLANG_WARN_QUOTED_INCLUDE_IN_FRAMEWORK_HEADER = YES;
				CLANG_WARN_RANGE_LOOP_ANALYSIS = YES;
				CLANG_WARN_STRICT_PROTOTYPES = YES;
				CLANG_WARN_SUSPICIOUS_MOVE = YES;
				CLANG_WARN_UNGUARDED_AVAILABILITY = YES_AGGRESSIVE;
				CLANG_WARN_UNREACHABLE_CODE = YES;
				CLANG_WARN__DUPLICATE_METHOD_MATCH = YES;
				COPY_PHASE_STRIP = NO;
				DEBUG_INFORMATION_FORMAT = "dwarf-with-dsym";
				ENABLE_NS_ASSERTIONS = NO;
				ENABLE_STRICT_OBJC_MSGSEND = YES;
				ENABLE_USER_SCRIPT_SANDBOXING = YES;
				GCC_C_LANGUAGE_STANDARD = gnu11;
				GCC_NO_COMMON_BLOCKS = YES;
				GCC_WARN_64_TO_32_BIT_CONVERSION = YES;
				GCC_WARN_ABOUT_RETURN_TYPE = YES_ERROR;
				GCC_WARN_UNDECLARED_SELECTOR = YES;
				GCC_WARN_UNINITIALIZED_AUTOS = YES_AGGRESSIVE;
				GCC_WARN_UNUSED_FUNCTION = YES;
				GCC_WARN_UNUSED_VARIABLE = YES;
				IPHONEOS_DEPLOYMENT_TARGET = 16.2;
				MTL_ENABLE_DEBUG_INFO = NO;
				MTL_FAST_MATH = YES;
				SDKROOT = iphoneos;
				SWIFT_COMPILATION_MODE = wholemodule;
				SWIFT_OPTIMIZATION_LEVEL = "-O";
				VALIDATE_PRODUCT = YES;
			};
			name = Release;
		};
		6F842DEC29C64E3F00DBBC7B /* Debug */ = {
			isa = XCBuildConfiguration;
			buildSettings = {
				ASSETCATALOG_COMPILER_APPICON_NAME = AppIcon;
				ASSETCATALOG_COMPILER_GLOBAL_ACCENT_COLOR_NAME = AccentColor;
				CODE_SIGN_ENTITLEMENTS = Listenbrainz/Resources/Listenbrainz.entitlements;
				CODE_SIGN_STYLE = Automatic;
				CURRENT_PROJECT_VERSION = 1;
				DEVELOPMENT_ASSET_PATHS = "";
				DEVELOPMENT_TEAM = 8D89TSJ88H;
				ENABLE_PREVIEWS = YES;
				GENERATE_INFOPLIST_FILE = YES;
				INFOPLIST_FILE = Listenbrainz/Resources/Info.plist;
				INFOPLIST_KEY_CFBundleDisplayName = "ListenBrainz Dev";
				INFOPLIST_KEY_LSApplicationCategoryType = "public.app-category.music";
				INFOPLIST_KEY_NSMicrophoneUsageDescription = Shazam;
				INFOPLIST_KEY_UIApplicationSupportsIndirectInputEvents = YES;
				INFOPLIST_KEY_UILaunchScreen_Generation = YES;
				INFOPLIST_KEY_UISupportedInterfaceOrientations_iPad = "UIInterfaceOrientationPortrait UIInterfaceOrientationPortraitUpsideDown UIInterfaceOrientationLandscapeLeft UIInterfaceOrientationLandscapeRight";
				INFOPLIST_KEY_UISupportedInterfaceOrientations_iPhone = "UIInterfaceOrientationPortrait UIInterfaceOrientationLandscapeLeft UIInterfaceOrientationLandscapeRight";
				LD_RUNPATH_SEARCH_PATHS = (
					"$(inherited)",
					"@executable_path/Frameworks",
				);
				MARKETING_VERSION = 1.0.0;
				PRODUCT_BUNDLE_IDENTIFIER = org.listenbrainz.ios;
				PRODUCT_NAME = "$(TARGET_NAME)";
				SWIFT_EMIT_LOC_STRINGS = YES;
				SWIFT_VERSION = 5.0;
				TARGETED_DEVICE_FAMILY = "1,2";
			};
			name = Debug;
		};
		6F842DED29C64E3F00DBBC7B /* Release */ = {
			isa = XCBuildConfiguration;
			buildSettings = {
				ASSETCATALOG_COMPILER_APPICON_NAME = AppIcon;
				ASSETCATALOG_COMPILER_GLOBAL_ACCENT_COLOR_NAME = AccentColor;
				CODE_SIGN_ENTITLEMENTS = Listenbrainz/Resources/Listenbrainz.entitlements;
				CODE_SIGN_STYLE = Automatic;
				CURRENT_PROJECT_VERSION = 1;
				DEVELOPMENT_ASSET_PATHS = "";
				DEVELOPMENT_TEAM = 8D89TSJ88H;
				ENABLE_PREVIEWS = YES;
				GENERATE_INFOPLIST_FILE = YES;
				INFOPLIST_FILE = Listenbrainz/Resources/Info.plist;
				INFOPLIST_KEY_CFBundleDisplayName = ListenBrainz;
				INFOPLIST_KEY_LSApplicationCategoryType = "public.app-category.music";
				INFOPLIST_KEY_NSMicrophoneUsageDescription = Shazam;
				INFOPLIST_KEY_UIApplicationSupportsIndirectInputEvents = YES;
				INFOPLIST_KEY_UILaunchScreen_Generation = YES;
				INFOPLIST_KEY_UISupportedInterfaceOrientations_iPad = "UIInterfaceOrientationPortrait UIInterfaceOrientationPortraitUpsideDown UIInterfaceOrientationLandscapeLeft UIInterfaceOrientationLandscapeRight";
				INFOPLIST_KEY_UISupportedInterfaceOrientations_iPhone = "UIInterfaceOrientationPortrait UIInterfaceOrientationLandscapeLeft UIInterfaceOrientationLandscapeRight";
				LD_RUNPATH_SEARCH_PATHS = (
					"$(inherited)",
					"@executable_path/Frameworks",
				);
				MARKETING_VERSION = 1.0.0;
				PRODUCT_BUNDLE_IDENTIFIER = org.listenbrainz.ios;
				PRODUCT_NAME = "$(TARGET_NAME)";
				SWIFT_EMIT_LOC_STRINGS = YES;
				SWIFT_VERSION = 5.0;
				TARGETED_DEVICE_FAMILY = "1,2";
			};
			name = Release;
		};
		6F842DEF29C64E3F00DBBC7B /* Debug */ = {
			isa = XCBuildConfiguration;
			buildSettings = {
				ALWAYS_EMBED_SWIFT_STANDARD_LIBRARIES = YES;
				BUNDLE_LOADER = "$(TEST_HOST)";
				CODE_SIGN_STYLE = Automatic;
				CURRENT_PROJECT_VERSION = 1;
				DEVELOPMENT_TEAM = 8D89TSJ88H;
				GENERATE_INFOPLIST_FILE = YES;
				IPHONEOS_DEPLOYMENT_TARGET = 16.2;
				MARKETING_VERSION = 1.0;
				PRODUCT_BUNDLE_IDENTIFIER = org.metabrainz.ListenbrainzTests;
				PRODUCT_NAME = "$(TARGET_NAME)";
				SUPPORTED_PLATFORMS = "iphoneos iphonesimulator";
				SUPPORTS_MACCATALYST = NO;
				SWIFT_EMIT_LOC_STRINGS = NO;
				SWIFT_VERSION = 5.0;
				TARGETED_DEVICE_FAMILY = "1,2";
				TEST_HOST = "$(BUILT_PRODUCTS_DIR)/Listenbrainz.app/$(BUNDLE_EXECUTABLE_FOLDER_PATH)/Listenbrainz";
			};
			name = Debug;
		};
		6F842DF029C64E3F00DBBC7B /* Release */ = {
			isa = XCBuildConfiguration;
			buildSettings = {
				ALWAYS_EMBED_SWIFT_STANDARD_LIBRARIES = YES;
				BUNDLE_LOADER = "$(TEST_HOST)";
				CODE_SIGN_STYLE = Automatic;
				CURRENT_PROJECT_VERSION = 1;
				DEVELOPMENT_TEAM = 8D89TSJ88H;
				GENERATE_INFOPLIST_FILE = YES;
				IPHONEOS_DEPLOYMENT_TARGET = 16.2;
				MARKETING_VERSION = 1.0;
				PRODUCT_BUNDLE_IDENTIFIER = org.metabrainz.ListenbrainzTests;
				PRODUCT_NAME = "$(TARGET_NAME)";
				SUPPORTED_PLATFORMS = "iphoneos iphonesimulator";
				SUPPORTS_MACCATALYST = NO;
				SWIFT_EMIT_LOC_STRINGS = NO;
				SWIFT_VERSION = 5.0;
				TARGETED_DEVICE_FAMILY = "1,2";
				TEST_HOST = "$(BUILT_PRODUCTS_DIR)/Listenbrainz.app/$(BUNDLE_EXECUTABLE_FOLDER_PATH)/Listenbrainz";
			};
			name = Release;
		};
		6F842DF229C64E3F00DBBC7B /* Debug */ = {
			isa = XCBuildConfiguration;
			buildSettings = {
				ALWAYS_EMBED_SWIFT_STANDARD_LIBRARIES = YES;
				CODE_SIGN_STYLE = Automatic;
				CURRENT_PROJECT_VERSION = 1;
				DEVELOPMENT_TEAM = 8D89TSJ88H;
				GENERATE_INFOPLIST_FILE = YES;
				MARKETING_VERSION = 1.0;
				PRODUCT_BUNDLE_IDENTIFIER = org.metabrainz.ListenbrainzUITests;
				PRODUCT_NAME = "$(TARGET_NAME)";
				SUPPORTED_PLATFORMS = "iphoneos iphonesimulator";
				SUPPORTS_MACCATALYST = NO;
				SWIFT_EMIT_LOC_STRINGS = NO;
				SWIFT_VERSION = 5.0;
				TARGETED_DEVICE_FAMILY = "1,2";
				TEST_TARGET_NAME = Listenbrainz;
			};
			name = Debug;
		};
		6F842DF329C64E3F00DBBC7B /* Release */ = {
			isa = XCBuildConfiguration;
			buildSettings = {
				ALWAYS_EMBED_SWIFT_STANDARD_LIBRARIES = YES;
				CODE_SIGN_STYLE = Automatic;
				CURRENT_PROJECT_VERSION = 1;
				DEVELOPMENT_TEAM = 8D89TSJ88H;
				GENERATE_INFOPLIST_FILE = YES;
				MARKETING_VERSION = 1.0;
				PRODUCT_BUNDLE_IDENTIFIER = org.metabrainz.ListenbrainzUITests;
				PRODUCT_NAME = "$(TARGET_NAME)";
				SUPPORTED_PLATFORMS = "iphoneos iphonesimulator";
				SUPPORTS_MACCATALYST = NO;
				SWIFT_EMIT_LOC_STRINGS = NO;
				SWIFT_VERSION = 5.0;
				TARGETED_DEVICE_FAMILY = "1,2";
				TEST_TARGET_NAME = Listenbrainz;
			};
			name = Release;
		};
/* End XCBuildConfiguration section */

/* Begin XCConfigurationList section */
		6F842DC229C64E3E00DBBC7B /* Build configuration list for PBXProject "Listenbrainz" */ = {
			isa = XCConfigurationList;
			buildConfigurations = (
				6F842DE929C64E3F00DBBC7B /* Debug */,
				6F842DEA29C64E3F00DBBC7B /* Release */,
				6F3D51CB2B5680A00077BAD9 /* QA */,
				6F3D51C72B56809A0077BAD9 /* Beta */,
			);
			defaultConfigurationIsVisible = 0;
			defaultConfigurationName = Release;
		};
		6F842DEB29C64E3F00DBBC7B /* Build configuration list for PBXNativeTarget "Listenbrainz" */ = {
			isa = XCConfigurationList;
			buildConfigurations = (
				6F842DEC29C64E3F00DBBC7B /* Debug */,
				6F842DED29C64E3F00DBBC7B /* Release */,
				6F3D51CC2B5680A00077BAD9 /* QA */,
				6F3D51C82B56809A0077BAD9 /* Beta */,
			);
			defaultConfigurationIsVisible = 0;
			defaultConfigurationName = Release;
		};
		6F842DEE29C64E3F00DBBC7B /* Build configuration list for PBXNativeTarget "ListenbrainzTests" */ = {
			isa = XCConfigurationList;
			buildConfigurations = (
				6F842DEF29C64E3F00DBBC7B /* Debug */,
				6F842DF029C64E3F00DBBC7B /* Release */,
				6F3D51CD2B5680A00077BAD9 /* QA */,
				6F3D51C92B56809A0077BAD9 /* Beta */,
			);
			defaultConfigurationIsVisible = 0;
			defaultConfigurationName = Release;
		};
		6F842DF129C64E3F00DBBC7B /* Build configuration list for PBXNativeTarget "ListenbrainzUITests" */ = {
			isa = XCConfigurationList;
			buildConfigurations = (
				6F842DF229C64E3F00DBBC7B /* Debug */,
				6F842DF329C64E3F00DBBC7B /* Release */,
				6F3D51CE2B5680A00077BAD9 /* QA */,
				6F3D51CA2B56809A0077BAD9 /* Beta */,
			);
			defaultConfigurationIsVisible = 0;
			defaultConfigurationName = Release;
		};
/* End XCConfigurationList section */

/* Begin XCRemoteSwiftPackageReference section */
		6F842DF429C64EF200DBBC7B /* XCRemoteSwiftPackageReference "ios-sdk" */ = {
			isa = XCRemoteSwiftPackageReference;
			repositoryURL = "https://github.com/spotify/ios-sdk.git";
			requirement = {
				branch = master;
				kind = branch;
			};
		};
		BB05864F2A2503E600744FF0 /* XCRemoteSwiftPackageReference "Alamofire" */ = {
			isa = XCRemoteSwiftPackageReference;
			repositoryURL = "https://github.com/Alamofire/Alamofire.git";
			requirement = {
				kind = upToNextMajorVersion;
				minimumVersion = 5.0.0;
			};
		};
/* End XCRemoteSwiftPackageReference section */

/* Begin XCSwiftPackageProductDependency section */
		6F842DF529C64EF200DBBC7B /* SpotifyiOS */ = {
			isa = XCSwiftPackageProductDependency;
			package = 6F842DF429C64EF200DBBC7B /* XCRemoteSwiftPackageReference "ios-sdk" */;
			productName = SpotifyiOS;
		};
		BB0586502A2503E600744FF0 /* Alamofire */ = {
			isa = XCSwiftPackageProductDependency;
			package = BB05864F2A2503E600744FF0 /* XCRemoteSwiftPackageReference "Alamofire" */;
			productName = Alamofire;
		};
/* End XCSwiftPackageProductDependency section */
	};
	rootObject = 6F842DBF29C64E3E00DBBC7B /* Project object */;
}
